// !$*UTF8*$!
{
	archiveVersion = 1;
	classes = {
	};
	objectVersion = 60;
	objects = {

/* Begin PBXBuildFile section */
		AAAA00000000000000000001 /* HermesGlassesApp.swift in Sources */ = {isa = PBXBuildFile; fileRef = AAAA00000000000000000101 /* HermesGlassesApp.swift */; };
		AAAA00000000000000000002 /* ContentView.swift in Sources */ = {isa = PBXBuildFile; fileRef = AAAA00000000000000000102 /* ContentView.swift */; };
		AAAA00000000000000000003 /* RegistrationView.swift in Sources */ = {isa = PBXBuildFile; fileRef = AAAA00000000000000000103 /* RegistrationView.swift */; };
		AAAA00000000000000000004 /* WearablesViewModel.swift in Sources */ = {isa = PBXBuildFile; fileRef = AAAA00000000000000000104 /* WearablesViewModel.swift */; };
		AAAA00000000000000000005 /* HermesSessionViewModel.swift in Sources */ = {isa = PBXBuildFile; fileRef = AAAA00000000000000000105 /* HermesSessionViewModel.swift */; };
		AAAA00000000000000000006 /* HermesAudioManager.swift in Sources */ = {isa = PBXBuildFile; fileRef = AAAA00000000000000000106 /* HermesAudioManager.swift */; };
		AAAA00000000000000000008 /* Assets.xcassets in Resources */ = {isa = PBXBuildFile; fileRef = AAAA00000000000000000108 /* Assets.xcassets */; };
		AAAA00000000000000000009 /* HermesCameraManager.swift in Sources */ = {isa = PBXBuildFile; fileRef = AAAA00000000000000000112 /* HermesCameraManager.swift */; };
		AAAA00000000000000000010 /* HermesSpeechRecognizer.swift in Sources */ = {isa = PBXBuildFile; fileRef = AAAA00000000000000000113 /* HermesSpeechRecognizer.swift */; };
		AAAA00000000000000000011 /* HermesSpeechSynthesizer.swift in Sources */ = {isa = PBXBuildFile; fileRef = AAAA00000000000000000114 /* HermesSpeechSynthesizer.swift */; };
		AAAA00000000000000000012 /* DirectClient.swift in Sources */ = {isa = PBXBuildFile; fileRef = AAAA00000000000000000115 /* DirectClient.swift */; };
		AAAA00000000000000000013 /* HermesDisplayLogic.swift in Sources */ = {isa = PBXBuildFile; fileRef = AAAA00000000000000000116 /* HermesDisplayLogic.swift */; };
		AAAA00000000000000000014 /* HermesDisplayScreens.swift in Sources */ = {isa = PBXBuildFile; fileRef = AAAA00000000000000000117 /* HermesDisplayScreens.swift */; };
		AAAA00000000000000000015 /* HermesDisplayManager.swift in Sources */ = {isa = PBXBuildFile; fileRef = AAAA00000000000000000118 /* HermesDisplayManager.swift */; };
		AAAA00000000000000000016 /* DeviceContextFormatter.swift in Sources */ = {isa = PBXBuildFile; fileRef = AAAA00000000000000000119 /* DeviceContextFormatter.swift */; };
		AAAA00000000000000000017 /* DeviceContextProvider.swift in Sources */ = {isa = PBXBuildFile; fileRef = AAAA00000000000000000120 /* DeviceContextProvider.swift */; };
		AAAA00000000000000000018 /* Providers/AIProvider.swift in Sources */ = {isa = PBXBuildFile; fileRef = AAAA00000000000000000121 /* Providers/AIProvider.swift */; };
		AAAA00000000000000000019 /* Providers/AnthropicProvider.swift in Sources */ = {isa = PBXBuildFile; fileRef = AAAA00000000000000000122 /* Providers/AnthropicProvider.swift */; };
		AAAA00000000000000000020 /* Providers/OpenAICompatibleProvider.swift in Sources */ = {isa = PBXBuildFile; fileRef = AAAA00000000000000000123 /* Providers/OpenAICompatibleProvider.swift */; };
		AAAA00000000000000000021 /* Providers/GeminiProvider.swift in Sources */ = {isa = PBXBuildFile; fileRef = AAAA00000000000000000124 /* Providers/GeminiProvider.swift */; };
		AAAA00000000000000000023 /* EmoDrink/IntentDetector.swift in Sources */ = {isa = PBXBuildFile; fileRef = AAAA00000000000000000126 /* EmoDrink/IntentDetector.swift */; };
		AAAA00000000000000000032 /* VoiceCommandCatalog.swift in Sources */ = {isa = PBXBuildFile; fileRef = AAAA00000000000000000135 /* VoiceCommandCatalog.swift */; };
		AAAA00000000000000000033 /* SettingsView.swift in Sources */ = {isa = PBXBuildFile; fileRef = AAAA00000000000000000136 /* SettingsView.swift */; };
		AAAA00000000000000000801 /* MWDATCore in Frameworks */ = {isa = PBXBuildFile; productRef = AAAA00000000000000000701 /* MWDATCore */; };
		AAAA00000000000000000802 /* MWDATCamera in Frameworks */ = {isa = PBXBuildFile; productRef = AAAA00000000000000000702 /* MWDATCamera */; };
		AAAA00000000000000000803 /* MWDATMockDevice in Frameworks */ = {isa = PBXBuildFile; productRef = AAAA00000000000000000703 /* MWDATMockDevice */; };
		AAAA00000000000000000804 /* MWDATDisplay in Frameworks */ = {isa = PBXBuildFile; productRef = AAAA00000000000000000704 /* MWDATDisplay */; };
		AAAA00000000000000000817 /* HermesDesign.swift in Sources */ = {isa = PBXBuildFile; fileRef = AAAA00000000000000000818 /* HermesDesign.swift */; };
		AAAA00000000000000000821 /* LensContent.swift in Sources */ = {isa = PBXBuildFile; fileRef = AAAA00000000000000000822 /* LensContent.swift */; };
		AAAA00000000000000000823 /* VisionSource.swift in Sources */ = {isa = PBXBuildFile; fileRef = AAAA00000000000000000824 /* VisionSource.swift */; };
		AAAA00000000000000000825 /* PhoneCameraManager.swift in Sources */ = {isa = PBXBuildFile; fileRef = AAAA00000000000000000826 /* PhoneCameraManager.swift */; };
		AAAA00000000000000000827 /* PermissionsCoordinator.swift in Sources */ = {isa = PBXBuildFile; fileRef = AAAA00000000000000000828 /* PermissionsCoordinator.swift */; };
		AAAA00000000000000000829 /* OnboardingView.swift in Sources */ = {isa = PBXBuildFile; fileRef = AAAA00000000000000000830 /* OnboardingView.swift */; };
		AAAA00000000000000000831 /* SimulatedLensView.swift in Sources */ = {isa = PBXBuildFile; fileRef = AAAA00000000000000000832 /* SimulatedLensView.swift */; };
		AAAA00000000000000000835 /* VisionRouting.swift in Sources */ = {isa = PBXBuildFile; fileRef = AAAA00000000000000000836 /* VisionRouting.swift */; };
		AAAA00000000000000000841 /* ChoiceDetector.swift in Sources */ = {isa = PBXBuildFile; fileRef = AAAA00000000000000000842 /* ChoiceDetector.swift */; };
		AAAA00000000000000000A63 /* EmoDrink/ChangeGate.swift in Sources */ = {isa = PBXBuildFile; fileRef = AAAA00000000000000000A64 /* EmoDrink/ChangeGate.swift */; };
		AAAA00000000000000000E01 /* EmoDrink/PhysiologySnapshot.swift in Sources */ = {isa = PBXBuildFile; fileRef = AAAA00000000000000000E02 /* EmoDrink/PhysiologySnapshot.swift */; };
		AAAA00000000000000000E03 /* EmoDrink/DrinkCatalog.swift in Sources */ = {isa = PBXBuildFile; fileRef = AAAA00000000000000000E04 /* EmoDrink/DrinkCatalog.swift */; };
		AAAA00000000000000000E05 /* Resources/EmoDrink/asahi-drinks.json in Resources */ = {isa = PBXBuildFile; fileRef = AAAA00000000000000000E06 /* Resources/EmoDrink/asahi-drinks.json */; };
		AAAA00000000000000000E07 /* EmoDrink/DrinkRecommender.swift in Sources */ = {isa = PBXBuildFile; fileRef = AAAA00000000000000000E08 /* EmoDrink/DrinkRecommender.swift */; };
		AAAA00000000000000000E09 /* EmoDrink/PhysiologySource.swift in Sources */ = {isa = PBXBuildFile; fileRef = AAAA00000000000000000E0A /* EmoDrink/PhysiologySource.swift */; };
		AAAA00000000000000000E0B /* EmoDrink/PhysiologyStore.swift in Sources */ = {isa = PBXBuildFile; fileRef = AAAA00000000000000000E0C /* EmoDrink/PhysiologyStore.swift */; };
		AAAA00000000000000000E0D /* EmoDrink/VendingMachineGate.swift in Sources */ = {isa = PBXBuildFile; fileRef = AAAA00000000000000000E0E /* EmoDrink/VendingMachineGate.swift */; };
		AAAA00000000000000000E0F /* EmoDrink/VendingMachineDetector.swift in Sources */ = {isa = PBXBuildFile; fileRef = AAAA00000000000000000E10 /* EmoDrink/VendingMachineDetector.swift */; };
		AAAA00000000000000000E11 /* EmoDrink/EmoDrinkPersona.swift in Sources */ = {isa = PBXBuildFile; fileRef = AAAA00000000000000000E12 /* EmoDrink/EmoDrinkPersona.swift */; };
		AAAA00000000000000000E13 /* EmoDrink/EmoDrinkCommands.swift in Sources */ = {isa = PBXBuildFile; fileRef = AAAA00000000000000000E14 /* EmoDrink/EmoDrinkCommands.swift */; };
		AAAA00000000000000000E19 /* BundledAIKey.swift in Sources */ = {isa = PBXBuildFile; fileRef = AAAA00000000000000000E1A /* BundledAIKey.swift */; };
		AAAA00000000000000000E24 /* EmoDrinkLanguage.swift in Sources */ = {isa = PBXBuildFile; fileRef = AAAA00000000000000000E25 /* EmoDrinkLanguage.swift */; };
		AAAA00000000000000000E26 /* DrinkChoiceParser.swift in Sources */ = {isa = PBXBuildFile; fileRef = AAAA00000000000000000E27 /* DrinkChoiceParser.swift */; };
		AAAA00000000000000000E28 /* VoicePicker.swift in Sources */ = {isa = PBXBuildFile; fileRef = AAAA00000000000000000E29 /* VoicePicker.swift */; };
		AAAA00000000000000000E32 /* CloudSpeechCodec.swift in Sources */ = {isa = PBXBuildFile; fileRef = AAAA00000000000000000E33 /* CloudSpeechCodec.swift */; };
		AAAA00000000000000000E30 /* CloudSpeech.swift in Sources */ = {isa = PBXBuildFile; fileRef = AAAA00000000000000000E31 /* CloudSpeech.swift */; };
		AAAA00000000000000000E22 /* Intents.swift in Sources */ = {isa = PBXBuildFile; fileRef = AAAA00000000000000000E23 /* Intents.swift */; };
		AAAA00000000000000000E20 /* FrameTools.swift in Sources */ = {isa = PBXBuildFile; fileRef = AAAA00000000000000000E21 /* FrameTools.swift */; };
		AAAA00000000000000000E15 /* EmoDrinkViewModel.swift in Sources */ = {isa = PBXBuildFile; fileRef = AAAA00000000000000000E16 /* EmoDrinkViewModel.swift */; };
		AAAA00000000000000000E2A /* SessionTypes.swift in Sources */ = {isa = PBXBuildFile; fileRef = AAAA00000000000000000E2B /* SessionTypes.swift */; };
		AAAA00000000000000000E2E /* HermesSessionViewModel+Developer.swift in Sources */ = {isa = PBXBuildFile; fileRef = AAAA00000000000000000E2F /* HermesSessionViewModel+Developer.swift */; };
		AAAA00000000000000000E2C /* HermesSessionViewModel+Glasses.swift in Sources */ = {isa = PBXBuildFile; fileRef = AAAA00000000000000000E2D /* HermesSessionViewModel+Glasses.swift */; };
/* End PBXBuildFile section */

/* Begin PBXCopyFilesBuildPhase section */
		AAAA00000000000000000A49 /* Embed Frameworks */ = {
			isa = PBXCopyFilesBuildPhase;
			buildActionMask = 2147483647;
			dstPath = "";
			dstSubfolderSpec = 10;
			files = (
			);
			name = "Embed Frameworks";
			runOnlyForDeploymentPostprocessing = 0;
		};
/* End PBXCopyFilesBuildPhase section */

/* Begin PBXFileReference section */
		AAAA00000000000000000101 /* HermesGlassesApp.swift */ = {isa = PBXFileReference; lastKnownFileType = sourcecode.swift; path = HermesGlassesApp.swift; sourceTree = "<group>"; };
		AAAA00000000000000000102 /* ContentView.swift */ = {isa = PBXFileReference; lastKnownFileType = sourcecode.swift; path = ContentView.swift; sourceTree = "<group>"; };
		AAAA00000000000000000103 /* RegistrationView.swift */ = {isa = PBXFileReference; lastKnownFileType = sourcecode.swift; path = RegistrationView.swift; sourceTree = "<group>"; };
		AAAA00000000000000000104 /* WearablesViewModel.swift */ = {isa = PBXFileReference; lastKnownFileType = sourcecode.swift; path = WearablesViewModel.swift; sourceTree = "<group>"; };
		AAAA00000000000000000105 /* HermesSessionViewModel.swift */ = {isa = PBXFileReference; lastKnownFileType = sourcecode.swift; path = HermesSessionViewModel.swift; sourceTree = "<group>"; };
		AAAA00000000000000000106 /* HermesAudioManager.swift */ = {isa = PBXFileReference; lastKnownFileType = sourcecode.swift; path = HermesAudioManager.swift; sourceTree = "<group>"; };
		AAAA00000000000000000108 /* Assets.xcassets */ = {isa = PBXFileReference; lastKnownFileType = folder.assetcatalog; path = Assets.xcassets; sourceTree = "<group>"; };
		AAAA00000000000000000109 /* Info.plist */ = {isa = PBXFileReference; lastKnownFileType = text.plist.xml; path = Info.plist; sourceTree = "<group>"; };
		AAAA00000000000000000110 /* HermesGlasses.entitlements */ = {isa = PBXFileReference; lastKnownFileType = text.plist.entitlements; path = HermesGlasses.entitlements; sourceTree = "<group>"; };
		AAAA00000000000000000111 /* EmoDrink Glasses.app */ = {isa = PBXFileReference; explicitFileType = wrapper.application; includeInIndex = 0; path = "EmoDrink Glasses.app"; sourceTree = BUILT_PRODUCTS_DIR; };
		AAAA00000000000000000112 /* HermesCameraManager.swift */ = {isa = PBXFileReference; lastKnownFileType = sourcecode.swift; path = HermesCameraManager.swift; sourceTree = "<group>"; };
		AAAA00000000000000000113 /* HermesSpeechRecognizer.swift */ = {isa = PBXFileReference; lastKnownFileType = sourcecode.swift; path = HermesSpeechRecognizer.swift; sourceTree = "<group>"; };
		AAAA00000000000000000114 /* HermesSpeechSynthesizer.swift */ = {isa = PBXFileReference; lastKnownFileType = sourcecode.swift; path = HermesSpeechSynthesizer.swift; sourceTree = "<group>"; };
		AAAA00000000000000000115 /* DirectClient.swift */ = {isa = PBXFileReference; lastKnownFileType = sourcecode.swift; path = DirectClient.swift; sourceTree = "<group>"; };
		AAAA00000000000000000116 /* HermesDisplayLogic.swift */ = {isa = PBXFileReference; lastKnownFileType = sourcecode.swift; path = HermesDisplayLogic.swift; sourceTree = "<group>"; };
		AAAA00000000000000000117 /* HermesDisplayScreens.swift */ = {isa = PBXFileReference; lastKnownFileType = sourcecode.swift; path = HermesDisplayScreens.swift; sourceTree = "<group>"; };
		AAAA00000000000000000118 /* HermesDisplayManager.swift */ = {isa = PBXFileReference; lastKnownFileType = sourcecode.swift; path = HermesDisplayManager.swift; sourceTree = "<group>"; };
		AAAA00000000000000000119 /* DeviceContextFormatter.swift */ = {isa = PBXFileReference; lastKnownFileType = sourcecode.swift; path = DeviceContextFormatter.swift; sourceTree = "<group>"; };
		AAAA00000000000000000120 /* DeviceContextProvider.swift */ = {isa = PBXFileReference; lastKnownFileType = sourcecode.swift; path = DeviceContextProvider.swift; sourceTree = "<group>"; };
		AAAA00000000000000000121 /* Providers/AIProvider.swift */ = {isa = PBXFileReference; lastKnownFileType = sourcecode.swift; path = Providers/AIProvider.swift; sourceTree = "<group>"; };
		AAAA00000000000000000122 /* Providers/AnthropicProvider.swift */ = {isa = PBXFileReference; lastKnownFileType = sourcecode.swift; path = Providers/AnthropicProvider.swift; sourceTree = "<group>"; };
		AAAA00000000000000000123 /* Providers/OpenAICompatibleProvider.swift */ = {isa = PBXFileReference; lastKnownFileType = sourcecode.swift; path = Providers/OpenAICompatibleProvider.swift; sourceTree = "<group>"; };
		AAAA00000000000000000124 /* Providers/GeminiProvider.swift */ = {isa = PBXFileReference; lastKnownFileType = sourcecode.swift; path = Providers/GeminiProvider.swift; sourceTree = "<group>"; };
		AAAA00000000000000000126 /* EmoDrink/IntentDetector.swift */ = {isa = PBXFileReference; lastKnownFileType = sourcecode.swift; path = EmoDrink/IntentDetector.swift; sourceTree = "<group>"; };
		AAAA0000000000000000012A /* Config/Hermes.xcconfig */ = {isa = PBXFileReference; lastKnownFileType = text.xcconfig; path = Config/Hermes.xcconfig; sourceTree = SOURCE_ROOT; };
		AAAA00000000000000000135 /* VoiceCommandCatalog.swift */ = {isa = PBXFileReference; lastKnownFileType = sourcecode.swift; path = VoiceCommandCatalog.swift; sourceTree = "<group>"; };
		AAAA00000000000000000136 /* SettingsView.swift */ = {isa = PBXFileReference; lastKnownFileType = sourcecode.swift; path = SettingsView.swift; sourceTree = "<group>"; };
		AAAA00000000000000000818 /* HermesDesign.swift */ = {isa = PBXFileReference; lastKnownFileType = sourcecode.swift; path = HermesDesign.swift; sourceTree = "<group>"; };
		AAAA00000000000000000822 /* LensContent.swift */ = {isa = PBXFileReference; lastKnownFileType = sourcecode.swift; path = LensContent.swift; sourceTree = "<group>"; };
		AAAA00000000000000000824 /* VisionSource.swift */ = {isa = PBXFileReference; lastKnownFileType = sourcecode.swift; path = VisionSource.swift; sourceTree = "<group>"; };
		AAAA00000000000000000826 /* PhoneCameraManager.swift */ = {isa = PBXFileReference; lastKnownFileType = sourcecode.swift; path = PhoneCameraManager.swift; sourceTree = "<group>"; };
		AAAA00000000000000000828 /* PermissionsCoordinator.swift */ = {isa = PBXFileReference; lastKnownFileType = sourcecode.swift; path = PermissionsCoordinator.swift; sourceTree = "<group>"; };
		AAAA00000000000000000830 /* OnboardingView.swift */ = {isa = PBXFileReference; lastKnownFileType = sourcecode.swift; path = OnboardingView.swift; sourceTree = "<group>"; };
		AAAA00000000000000000832 /* SimulatedLensView.swift */ = {isa = PBXFileReference; lastKnownFileType = sourcecode.swift; path = SimulatedLensView.swift; sourceTree = "<group>"; };
		AAAA00000000000000000836 /* VisionRouting.swift */ = {isa = PBXFileReference; lastKnownFileType = sourcecode.swift; path = VisionRouting.swift; sourceTree = "<group>"; };
		AAAA00000000000000000842 /* ChoiceDetector.swift */ = {isa = PBXFileReference; lastKnownFileType = sourcecode.swift; path = ChoiceDetector.swift; sourceTree = "<group>"; };
		AAAA00000000000000000A64 /* EmoDrink/ChangeGate.swift */ = {isa = PBXFileReference; lastKnownFileType = sourcecode.swift; path = EmoDrink/ChangeGate.swift; sourceTree = "<group>"; };
		AAAA00000000000000000E02 /* EmoDrink/PhysiologySnapshot.swift */ = {isa = PBXFileReference; lastKnownFileType = sourcecode.swift; path = EmoDrink/PhysiologySnapshot.swift; sourceTree = "<group>"; };
		AAAA00000000000000000E04 /* EmoDrink/DrinkCatalog.swift */ = {isa = PBXFileReference; lastKnownFileType = sourcecode.swift; path = EmoDrink/DrinkCatalog.swift; sourceTree = "<group>"; };
		AAAA00000000000000000E06 /* Resources/EmoDrink/asahi-drinks.json */ = {isa = PBXFileReference; lastKnownFileType = text.json; path = "Resources/EmoDrink/asahi-drinks.json"; sourceTree = "<group>"; };
		AAAA00000000000000000E08 /* EmoDrink/DrinkRecommender.swift */ = {isa = PBXFileReference; lastKnownFileType = sourcecode.swift; path = EmoDrink/DrinkRecommender.swift; sourceTree = "<group>"; };
		AAAA00000000000000000E0A /* EmoDrink/PhysiologySource.swift */ = {isa = PBXFileReference; lastKnownFileType = sourcecode.swift; path = EmoDrink/PhysiologySource.swift; sourceTree = "<group>"; };
		AAAA00000000000000000E0C /* EmoDrink/PhysiologyStore.swift */ = {isa = PBXFileReference; lastKnownFileType = sourcecode.swift; path = EmoDrink/PhysiologyStore.swift; sourceTree = "<group>"; };
		AAAA00000000000000000E0E /* EmoDrink/VendingMachineGate.swift */ = {isa = PBXFileReference; lastKnownFileType = sourcecode.swift; path = EmoDrink/VendingMachineGate.swift; sourceTree = "<group>"; };
		AAAA00000000000000000E10 /* EmoDrink/VendingMachineDetector.swift */ = {isa = PBXFileReference; lastKnownFileType = sourcecode.swift; path = EmoDrink/VendingMachineDetector.swift; sourceTree = "<group>"; };
		AAAA00000000000000000E12 /* EmoDrink/EmoDrinkPersona.swift */ = {isa = PBXFileReference; lastKnownFileType = sourcecode.swift; path = EmoDrink/EmoDrinkPersona.swift; sourceTree = "<group>"; };
		AAAA00000000000000000E14 /* EmoDrink/EmoDrinkCommands.swift */ = {isa = PBXFileReference; lastKnownFileType = sourcecode.swift; path = EmoDrink/EmoDrinkCommands.swift; sourceTree = "<group>"; };
		AAAA00000000000000000E1A /* BundledAIKey.swift */ = {isa = PBXFileReference; lastKnownFileType = sourcecode.swift; path = EmoDrink/BundledAIKey.swift; sourceTree = "<group>"; };
		AAAA00000000000000000E25 /* EmoDrinkLanguage.swift */ = {isa = PBXFileReference; lastKnownFileType = sourcecode.swift; path = EmoDrink/EmoDrinkLanguage.swift; sourceTree = "<group>"; };
		AAAA00000000000000000E27 /* DrinkChoiceParser.swift */ = {isa = PBXFileReference; lastKnownFileType = sourcecode.swift; path = EmoDrink/DrinkChoiceParser.swift; sourceTree = "<group>"; };
		AAAA00000000000000000E29 /* VoicePicker.swift */ = {isa = PBXFileReference; lastKnownFileType = sourcecode.swift; path = EmoDrink/VoicePicker.swift; sourceTree = "<group>"; };
		AAAA00000000000000000E33 /* CloudSpeechCodec.swift */ = {isa = PBXFileReference; lastKnownFileType = sourcecode.swift; path = EmoDrink/CloudSpeechCodec.swift; sourceTree = "<group>"; };
		AAAA00000000000000000E31 /* CloudSpeech.swift */ = {isa = PBXFileReference; lastKnownFileType = sourcecode.swift; path = EmoDrink/CloudSpeech.swift; sourceTree = "<group>"; };
		AAAA00000000000000000E23 /* Intents.swift */ = {isa = PBXFileReference; lastKnownFileType = sourcecode.swift; path = EmoDrink/Intents.swift; sourceTree = "<group>"; };
		AAAA00000000000000000E21 /* FrameTools.swift */ = {isa = PBXFileReference; lastKnownFileType = sourcecode.swift; path = EmoDrink/FrameTools.swift; sourceTree = "<group>"; };
		AAAA00000000000000000E16 /* EmoDrinkViewModel.swift */ = {isa = PBXFileReference; lastKnownFileType = sourcecode.swift; path = EmoDrinkViewModel.swift; sourceTree = "<group>"; };
		AAAA00000000000000000E2B /* SessionTypes.swift */ = {isa = PBXFileReference; lastKnownFileType = sourcecode.swift; path = SessionTypes.swift; sourceTree = "<group>"; };
		AAAA00000000000000000E2F /* HermesSessionViewModel+Developer.swift */ = {isa = PBXFileReference; lastKnownFileType = sourcecode.swift; path = "HermesSessionViewModel+Developer.swift"; sourceTree = "<group>"; };
		AAAA00000000000000000E2D /* HermesSessionViewModel+Glasses.swift */ = {isa = PBXFileReference; lastKnownFileType = sourcecode.swift; path = "HermesSessionViewModel+Glasses.swift"; sourceTree = "<group>"; };
/* End PBXFileReference section */

/* Begin PBXFrameworksBuildPhase section */
		AAAA00000000000000000402 /* Frameworks */ = {
			isa = PBXFrameworksBuildPhase;
			buildActionMask = 2147483647;
			files = (
				AAAA00000000000000000801 /* MWDATCore in Frameworks */,
				AAAA00000000000000000802 /* MWDATCamera in Frameworks */,
				AAAA00000000000000000803 /* MWDATMockDevice in Frameworks */,
				AAAA00000000000000000804 /* MWDATDisplay in Frameworks */,
			);
			runOnlyForDeploymentPostprocessing = 0;
		};
/* End PBXFrameworksBuildPhase section */

/* Begin PBXGroup section */
		06E379973076D805008995AB /* Recovered References */ = {
			isa = PBXGroup;
			children = (
				AAAA0000000000000000012A /* Config/Hermes.xcconfig */,
			);
			name = "Recovered References";
			sourceTree = "<group>";
		};
		AAAA0000000000000000000 = {
			isa = PBXGroup;
			children = (
				AAAA0000000000000000001 /* HermesGlasses */,
				AAAA0000000000000000005 /* Products */,
				06E379973076D805008995AB /* Recovered References */,
			);
			sourceTree = "<group>";
		};
		AAAA0000000000000000001 /* HermesGlasses */ = {
			isa = PBXGroup;
			children = (
				AAAA00000000000000000101 /* HermesGlassesApp.swift */,
				AAAA0000000000000000002 /* Views */,
				AAAA0000000000000000003 /* ViewModels */,
				AAAA0000000000000000004 /* Services */,
				AAAA00000000000000000108 /* Assets.xcassets */,
				AAAA00000000000000000E06 /* Resources/EmoDrink/asahi-drinks.json */,
				AAAA00000000000000000109 /* Info.plist */,
				AAAA00000000000000000110 /* HermesGlasses.entitlements */,
			);
			path = HermesGlasses;
			sourceTree = "<group>";
		};
		AAAA0000000000000000002 /* Views */ = {
			isa = PBXGroup;
			children = (
				AAAA00000000000000000102 /* ContentView.swift */,
				AAAA00000000000000000103 /* RegistrationView.swift */,
				AAAA00000000000000000136 /* SettingsView.swift */,
				AAAA00000000000000000818 /* HermesDesign.swift */,
				AAAA00000000000000000830 /* OnboardingView.swift */,
				AAAA00000000000000000832 /* SimulatedLensView.swift */,
			);
			path = Views;
			sourceTree = "<group>";
		};
		AAAA0000000000000000003 /* ViewModels */ = {
			isa = PBXGroup;
			children = (
				AAAA00000000000000000104 /* WearablesViewModel.swift */,
				AAAA00000000000000000105 /* HermesSessionViewModel.swift */,
				AAAA00000000000000000E16 /* EmoDrinkViewModel.swift */,
				AAAA00000000000000000E2B /* SessionTypes.swift */,
				AAAA00000000000000000E2F /* HermesSessionViewModel+Developer.swift */,
				AAAA00000000000000000E2D /* HermesSessionViewModel+Glasses.swift */,
			);
			path = ViewModels;
			sourceTree = "<group>";
		};
		AAAA0000000000000000004 /* Services */ = {
			isa = PBXGroup;
			children = (
				AAAA00000000000000000106 /* HermesAudioManager.swift */,
				AAAA00000000000000000112 /* HermesCameraManager.swift */,
				AAAA00000000000000000113 /* HermesSpeechRecognizer.swift */,
				AAAA00000000000000000114 /* HermesSpeechSynthesizer.swift */,
				AAAA00000000000000000115 /* DirectClient.swift */,
				AAAA00000000000000000116 /* HermesDisplayLogic.swift */,
				AAAA00000000000000000117 /* HermesDisplayScreens.swift */,
				AAAA00000000000000000118 /* HermesDisplayManager.swift */,
				AAAA00000000000000000119 /* DeviceContextFormatter.swift */,
				AAAA00000000000000000120 /* DeviceContextProvider.swift */,
				AAAA00000000000000000121 /* Providers/AIProvider.swift */,
				AAAA00000000000000000122 /* Providers/AnthropicProvider.swift */,
				AAAA00000000000000000123 /* Providers/OpenAICompatibleProvider.swift */,
				AAAA00000000000000000124 /* Providers/GeminiProvider.swift */,
				AAAA00000000000000000126 /* EmoDrink/IntentDetector.swift */,
				AAAA00000000000000000135 /* VoiceCommandCatalog.swift */,
				AAAA00000000000000000822 /* LensContent.swift */,
				AAAA00000000000000000842 /* ChoiceDetector.swift */,
				AAAA00000000000000000824 /* VisionSource.swift */,
				AAAA00000000000000000836 /* VisionRouting.swift */,
				AAAA00000000000000000826 /* PhoneCameraManager.swift */,
				AAAA00000000000000000828 /* PermissionsCoordinator.swift */,
				AAAA00000000000000000A64 /* EmoDrink/ChangeGate.swift */,
				AAAA00000000000000000E02 /* EmoDrink/PhysiologySnapshot.swift */,
				AAAA00000000000000000E04 /* EmoDrink/DrinkCatalog.swift */,
				AAAA00000000000000000E08 /* EmoDrink/DrinkRecommender.swift */,
				AAAA00000000000000000E0A /* EmoDrink/PhysiologySource.swift */,
				AAAA00000000000000000E0C /* EmoDrink/PhysiologyStore.swift */,
				AAAA00000000000000000E0E /* EmoDrink/VendingMachineGate.swift */,
				AAAA00000000000000000E10 /* EmoDrink/VendingMachineDetector.swift */,
				AAAA00000000000000000E12 /* EmoDrink/EmoDrinkPersona.swift */,
				AAAA00000000000000000E14 /* EmoDrink/EmoDrinkCommands.swift */,
				AAAA00000000000000000E1A /* BundledAIKey.swift */,
				AAAA00000000000000000E25 /* EmoDrinkLanguage.swift */,
				AAAA00000000000000000E27 /* DrinkChoiceParser.swift */,
				AAAA00000000000000000E29 /* VoicePicker.swift */,
				AAAA00000000000000000E33 /* CloudSpeechCodec.swift */,
				AAAA00000000000000000E31 /* CloudSpeech.swift */,
				AAAA00000000000000000E23 /* Intents.swift */,
				AAAA00000000000000000E21 /* FrameTools.swift */,
			);
			path = Services;
			sourceTree = "<group>";
		};
		AAAA0000000000000000005 /* Products */ = {
			isa = PBXGroup;
			children = (
				AAAA00000000000000000111 /* EmoDrink Glasses.app */,
			);
			name = Products;
			sourceTree = "<group>";
		};
/* End PBXGroup section */

/* Begin PBXNativeTarget section */
		AAAA00000000000000000301 /* HermesGlasses */ = {
			isa = PBXNativeTarget;
			buildConfigurationList = AAAA00000000000000000501 /* Build configuration list for PBXNativeTarget "HermesGlasses" */;
			buildPhases = (
				AAAA00000000000000000401 /* Sources */,
				AAAA00000000000000000402 /* Frameworks */,
				AAAA00000000000000000A49 /* Embed Frameworks */,
				AAAA00000000000000000403 /* Resources */,
			);
			buildRules = (
			);
			dependencies = (
			);
			name = HermesGlasses;
			packageProductDependencies = (
				AAAA00000000000000000701 /* MWDATCore */,
				AAAA00000000000000000702 /* MWDATCamera */,
				AAAA00000000000000000703 /* MWDATMockDevice */,
				AAAA00000000000000000704 /* MWDATDisplay */,
			);
			productName = HermesGlasses;
			productReference = AAAA00000000000000000111 /* EmoDrink Glasses.app */;
			productType = "com.apple.product-type.application";
		};
/* End PBXNativeTarget section */

/* Begin PBXProject section */
		AAAA00000000000000000F00 /* Project object */ = {
			isa = PBXProject;
			attributes = {
				BuildIndependentTargetsInParallel = 1;
				LastSwiftUpdateCheck = 1600;
				LastUpgradeCheck = 2660;
				TargetAttributes = {
					AAAA00000000000000000301 = {
						CreatedOnToolsVersion = 16.0;
					};
				};
			};
			buildConfigurationList = AAAA00000000000000000506 /* Build configuration list for PBXProject "HermesGlasses" */;
			compatibilityVersion = "Xcode 15.0";
			developmentRegion = en;
			hasScannedForEncodings = 0;
			knownRegions = (
				en,
				Base,
			);
			mainGroup = AAAA0000000000000000000;
			packageReferences = (
				AAAA00000000000000000601 /* XCRemoteSwiftPackageReference "meta-wearables-dat-ios" */,
			);
			productRefGroup = AAAA0000000000000000005 /* Products */;
			projectDirPath = "";
			projectRoot = "";
			targets = (
				AAAA00000000000000000301 /* HermesGlasses */,
			);
		};
/* End PBXProject section */

/* Begin PBXResourcesBuildPhase section */
		AAAA00000000000000000403 /* Resources */ = {
			isa = PBXResourcesBuildPhase;
			buildActionMask = 2147483647;
			files = (
				AAAA00000000000000000008 /* Assets.xcassets in Resources */,
				AAAA00000000000000000E05 /* Resources/EmoDrink/asahi-drinks.json in Resources */,
			);
			runOnlyForDeploymentPostprocessing = 0;
		};
/* End PBXResourcesBuildPhase section */

/* Begin PBXSourcesBuildPhase section */
		AAAA00000000000000000401 /* Sources */ = {
			isa = PBXSourcesBuildPhase;
			buildActionMask = 2147483647;
			files = (
				AAAA00000000000000000001 /* HermesGlassesApp.swift in Sources */,
				AAAA00000000000000000002 /* ContentView.swift in Sources */,
				AAAA00000000000000000003 /* RegistrationView.swift in Sources */,
				AAAA00000000000000000004 /* WearablesViewModel.swift in Sources */,
				AAAA00000000000000000005 /* HermesSessionViewModel.swift in Sources */,
				AAAA00000000000000000006 /* HermesAudioManager.swift in Sources */,
				AAAA00000000000000000009 /* HermesCameraManager.swift in Sources */,
				AAAA00000000000000000010 /* HermesSpeechRecognizer.swift in Sources */,
				AAAA00000000000000000011 /* HermesSpeechSynthesizer.swift in Sources */,
				AAAA00000000000000000012 /* DirectClient.swift in Sources */,
				AAAA00000000000000000013 /* HermesDisplayLogic.swift in Sources */,
				AAAA00000000000000000014 /* HermesDisplayScreens.swift in Sources */,
				AAAA00000000000000000015 /* HermesDisplayManager.swift in Sources */,
				AAAA00000000000000000016 /* DeviceContextFormatter.swift in Sources */,
				AAAA00000000000000000017 /* DeviceContextProvider.swift in Sources */,
				AAAA00000000000000000018 /* Providers/AIProvider.swift in Sources */,
				AAAA00000000000000000019 /* Providers/AnthropicProvider.swift in Sources */,
				AAAA00000000000000000020 /* Providers/OpenAICompatibleProvider.swift in Sources */,
				AAAA00000000000000000021 /* Providers/GeminiProvider.swift in Sources */,
				AAAA00000000000000000023 /* EmoDrink/IntentDetector.swift in Sources */,
				AAAA00000000000000000032 /* VoiceCommandCatalog.swift in Sources */,
				AAAA00000000000000000821 /* LensContent.swift in Sources */,
				AAAA00000000000000000841 /* ChoiceDetector.swift in Sources */,
				AAAA00000000000000000E15 /* EmoDrinkViewModel.swift in Sources */,
				AAAA00000000000000000E2A /* SessionTypes.swift in Sources */,
				AAAA00000000000000000E2E /* HermesSessionViewModel+Developer.swift in Sources */,
				AAAA00000000000000000E2C /* HermesSessionViewModel+Glasses.swift in Sources */,
				AAAA00000000000000000823 /* VisionSource.swift in Sources */,
				AAAA00000000000000000835 /* VisionRouting.swift in Sources */,
				AAAA00000000000000000825 /* PhoneCameraManager.swift in Sources */,
				AAAA00000000000000000827 /* PermissionsCoordinator.swift in Sources */,
				AAAA00000000000000000829 /* OnboardingView.swift in Sources */,
				AAAA00000000000000000831 /* SimulatedLensView.swift in Sources */,
				AAAA00000000000000000033 /* SettingsView.swift in Sources */,
				AAAA00000000000000000817 /* HermesDesign.swift in Sources */,
				AAAA00000000000000000A63 /* EmoDrink/ChangeGate.swift in Sources */,
				AAAA00000000000000000E01 /* EmoDrink/PhysiologySnapshot.swift in Sources */,
				AAAA00000000000000000E03 /* EmoDrink/DrinkCatalog.swift in Sources */,
				AAAA00000000000000000E07 /* EmoDrink/DrinkRecommender.swift in Sources */,
				AAAA00000000000000000E09 /* EmoDrink/PhysiologySource.swift in Sources */,
				AAAA00000000000000000E0B /* EmoDrink/PhysiologyStore.swift in Sources */,
				AAAA00000000000000000E0D /* EmoDrink/VendingMachineGate.swift in Sources */,
				AAAA00000000000000000E0F /* EmoDrink/VendingMachineDetector.swift in Sources */,
				AAAA00000000000000000E11 /* EmoDrink/EmoDrinkPersona.swift in Sources */,
				AAAA00000000000000000E13 /* EmoDrink/EmoDrinkCommands.swift in Sources */,
				AAAA00000000000000000E19 /* BundledAIKey.swift in Sources */,
				AAAA00000000000000000E24 /* EmoDrinkLanguage.swift in Sources */,
				AAAA00000000000000000E26 /* DrinkChoiceParser.swift in Sources */,
				AAAA00000000000000000E28 /* VoicePicker.swift in Sources */,
				AAAA00000000000000000E32 /* CloudSpeechCodec.swift in Sources */,
				AAAA00000000000000000E30 /* CloudSpeech.swift in Sources */,
				AAAA00000000000000000E22 /* Intents.swift in Sources */,
				AAAA00000000000000000E20 /* FrameTools.swift in Sources */,
			);
			runOnlyForDeploymentPostprocessing = 0;
		};
/* End PBXSourcesBuildPhase section */

/* Begin XCBuildConfiguration section */
		AAAA00000000000000000502 /* Debug */ = {
			isa = XCBuildConfiguration;
			baseConfigurationReference = AAAA0000000000000000012A /* Config/Hermes.xcconfig */;
			buildSettings = {
				ASSETCATALOG_COMPILER_APPICON_NAME = AppIcon;
				ASSETCATALOG_COMPILER_GENERATE_SWIFT_ASSET_SYMBOL_EXTENSIONS = YES;
				CODE_SIGN_ENTITLEMENTS = HermesGlasses/HermesGlasses.entitlements;
				CODE_SIGN_STYLE = Automatic;
				CURRENT_PROJECT_VERSION = 1;
				ENABLE_PREVIEWS = YES;
				GENERATE_INFOPLIST_FILE = YES;
				INFOPLIST_FILE = HermesGlasses/Info.plist;
				INFOPLIST_KEY_CFBundleDisplayName = EmoDrink;
				INFOPLIST_KEY_NSBluetoothAlwaysUsageDescription = "EmoDrink connects to your Meta Ray-Ban Display glasses.";
				INFOPLIST_KEY_NSCameraUsageDescription = "EmoDrink uses the camera to see the vending machine in front of you.";
				INFOPLIST_KEY_NSLocalNetworkUsageDescription = "EmoDrink talks to your Meta Ray-Ban Display glasses on the local network.";
				INFOPLIST_KEY_NSLocationWhenInUseUsageDescription = "EmoDrink uses your approximate location so the assistant knows where you are and what the weather is like.";
				INFOPLIST_KEY_NSMicrophoneUsageDescription = "EmoDrink listens for what you say so it can pick a drink and answer you.";
				INFOPLIST_KEY_NSMotionUsageDescription = "EmoDrink tells the assistant whether you are walking or still, so its answers fit what you are doing.";
				INFOPLIST_KEY_NSSpeechRecognitionUsageDescription = "EmoDrink turns your speech into text on this phone.";
				INFOPLIST_KEY_UIApplicationSupportsIndirectInputEvents = YES;
				INFOPLIST_KEY_UILaunchScreen_Generation = YES;
				INFOPLIST_KEY_UILaunchStoryboardName = LaunchScreen;
				INFOPLIST_KEY_UISupportedInterfaceOrientations = UIInterfaceOrientationPortrait;
				INFOPLIST_KEY_UISupportedInterfaceOrientations_iPad = "UIInterfaceOrientationPortrait UIInterfaceOrientationPortraitUpsideDown UIInterfaceOrientationLandscapeLeft UIInterfaceOrientationLandscapeRight";
				LD_RUNPATH_SEARCH_PATHS = (
					"$(inherited)",
					"@executable_path/Frameworks",
				);
				MARKETING_VERSION = 0.4;
				PRODUCT_BUNDLE_IDENTIFIER = com.flowsxr.hermesglasses;
				PRODUCT_NAME = "EmoDrink Glasses";
				SWIFT_EMIT_LOC_STRINGS = YES;
				SWIFT_VERSION = 5.0;
				TARGETED_DEVICE_FAMILY = 1;
			};
			name = Debug;
		};
		AAAA00000000000000000503 /* Release */ = {
			isa = XCBuildConfiguration;
			baseConfigurationReference = AAAA0000000000000000012A /* Config/Hermes.xcconfig */;
			buildSettings = {
				ASSETCATALOG_COMPILER_APPICON_NAME = AppIcon;
				ASSETCATALOG_COMPILER_GENERATE_SWIFT_ASSET_SYMBOL_EXTENSIONS = YES;
				CODE_SIGN_ENTITLEMENTS = HermesGlasses/HermesGlasses.entitlements;
				CODE_SIGN_STYLE = Automatic;
				CURRENT_PROJECT_VERSION = 1;
				ENABLE_PREVIEWS = YES;
				GENERATE_INFOPLIST_FILE = YES;
				INFOPLIST_FILE = HermesGlasses/Info.plist;
				INFOPLIST_KEY_CFBundleDisplayName = EmoDrink;
				INFOPLIST_KEY_NSBluetoothAlwaysUsageDescription = "EmoDrink connects to your Meta Ray-Ban Display glasses.";
				INFOPLIST_KEY_NSCameraUsageDescription = "EmoDrink uses the camera to see the vending machine in front of you.";
				INFOPLIST_KEY_NSLocalNetworkUsageDescription = "EmoDrink talks to your Meta Ray-Ban Display glasses on the local network.";
				INFOPLIST_KEY_NSLocationWhenInUseUsageDescription = "EmoDrink uses your approximate location so the assistant knows where you are and what the weather is like.";
				INFOPLIST_KEY_NSMicrophoneUsageDescription = "EmoDrink listens for what you say so it can pick a drink and answer you.";
				INFOPLIST_KEY_NSMotionUsageDescription = "EmoDrink tells the assistant whether you are walking or still, so its answers fit what you are doing.";
				INFOPLIST_KEY_NSSpeechRecognitionUsageDescription = "EmoDrink turns your speech into text on this phone.";
				INFOPLIST_KEY_UIApplicationSupportsIndirectInputEvents = YES;
				INFOPLIST_KEY_UILaunchScreen_Generation = YES;
				INFOPLIST_KEY_UILaunchStoryboardName = LaunchScreen;
				INFOPLIST_KEY_UISupportedInterfaceOrientations = UIInterfaceOrientationPortrait;
				INFOPLIST_KEY_UISupportedInterfaceOrientations_iPad = "UIInterfaceOrientationPortrait UIInterfaceOrientationPortraitUpsideDown UIInterfaceOrientationLandscapeLeft UIInterfaceOrientationLandscapeRight";
				LD_RUNPATH_SEARCH_PATHS = (
					"$(inherited)",
					"@executable_path/Frameworks",
				);
				MARKETING_VERSION = 0.4;
				PRODUCT_BUNDLE_IDENTIFIER = com.flowsxr.hermesglasses;
				PRODUCT_NAME = "EmoDrink Glasses";
				SWIFT_COMPILATION_MODE = wholemodule;
				SWIFT_EMIT_LOC_STRINGS = YES;
				SWIFT_OPTIMIZATION_LEVEL = "-O";
				SWIFT_VERSION = 5.0;
				TARGETED_DEVICE_FAMILY = 1;
			};
			name = Release;
		};
		AAAA00000000000000000504 /* Debug */ = {
			isa = XCBuildConfiguration;
			buildSettings = {
				ALWAYS_SEARCH_USER_PATHS = NO;
				CLANG_ANALYZER_NONNULL = YES;
				CLANG_ANALYZER_NUMBER_OBJECT_CONVERSION = YES_AGGRESSIVE;
				CLANG_CXX_LANGUAGE_STANDARD = "gnu++14";
				CLANG_CXX_LIBRARY = "libc++";
				CLANG_ENABLE_MODULES = YES;
				CLANG_ENABLE_OBJC_ARC = YES;
				CLANG_ENABLE_OBJC_WEAK = YES;
				CLANG_WARN_BLOCK_CAPTURE_AUTORELEASING = YES;
				CLANG_WARN_BOOL_CONVERSION = YES;
				CLANG_WARN_COMMA = YES;
				CLANG_WARN_CONSTANT_CONVERSION = YES;
				CLANG_WARN_DEPRECATED_OBJC_IMPLEMENTATIONS = YES;
				CLANG_WARN_DIRECT_OBJC_ISA_USAGE = YES_ERROR;
				CLANG_WARN_DOCUMENTATION_COMMENTS = YES;
				CLANG_WARN_EMPTY_BODY = YES;
				CLANG_WARN_ENUM_CONVERSION = YES;
				CLANG_WARN_INFINITE_RECURSION = YES;
				CLANG_WARN_INT_CONVERSION = YES;
				CLANG_WARN_NON_LITERAL_NULL_CONVERSION = YES;
				CLANG_WARN_OBJC_IMPLICIT_RETAIN_SELF = YES;
				CLANG_WARN_OBJC_LITERAL_CONVERSION = YES;
				CLANG_WARN_OBJC_ROOT_CLASS = YES_ERROR;
				CLANG_WARN_QUOTED_INCLUDE_IN_FRAMEWORK_HEADER = YES;
				CLANG_WARN_RANGE_LOOP_ANALYSIS = YES;
				CLANG_WARN_STRICT_PROTOTYPES = YES;
				CLANG_WARN_SUSPICIOUS_MOVE = YES;
				CLANG_WARN_UNGUARDED_AVAILABILITY = YES_AGGRESSIVE;
				CLANG_WARN_UNREACHABLE_CODE = YES;
				CLANG_WARN__DUPLICATE_METHOD_MATCH = YES;
				COPY_PHASE_STRIP = NO;
				DEBUG_INFORMATION_FORMAT = dwarf;
				DEVELOPMENT_TEAM = 3U4384584Z;
				ENABLE_STRICT_OBJC_MSGSEND = YES;
				ENABLE_TESTABILITY = YES;
				ENABLE_USER_SCRIPT_SANDBOXING = YES;
				GCC_C_LANGUAGE_STANDARD = gnu11;
				GCC_DYNAMIC_NO_PIC = NO;
				GCC_NO_COMMON_BLOCKS = YES;
				GCC_OPTIMIZATION_LEVEL = 0;
				GCC_PREPROCESSOR_DEFINITIONS = (
					"DEBUG=1",
					"$(inherited)",
				);
				GCC_WARN_64_TO_32_BIT_CONVERSION = YES;
				GCC_WARN_ABOUT_RETURN_TYPE = YES_ERROR;
				GCC_WARN_UNDECLARED_SELECTOR = YES;
				GCC_WARN_UNINITIALIZED_AUTOS = YES_AGGRESSIVE;
				GCC_WARN_UNUSED_FUNCTION = YES;
				GCC_WARN_UNUSED_VARIABLE = YES;
				IPHONEOS_DEPLOYMENT_TARGET = 17.2;
				MTL_ENABLE_DEBUG_INFO = INCLUDE_SOURCE;
				MTL_FAST_MATH = YES;
				ONLY_ACTIVE_ARCH = YES;
				SDKROOT = iphoneos;
				STRING_CATALOG_GENERATE_SYMBOLS = YES;
				SUPPORTED_PLATFORMS = "iphoneos iphonesimulator";
				SWIFT_ACTIVE_COMPILATION_CONDITIONS = DEBUG;
				SWIFT_OPTIMIZATION_LEVEL = "-Onone";
			};
			name = Debug;
		};
		AAAA00000000000000000505 /* Release */ = {
			isa = XCBuildConfiguration;
			buildSettings = {
				ALWAYS_SEARCH_USER_PATHS = NO;
				CLANG_ANALYZER_NONNULL = YES;
				CLANG_ANALYZER_NUMBER_OBJECT_CONVERSION = YES_AGGRESSIVE;
				CLANG_CXX_LANGUAGE_STANDARD = "gnu++14";
				CLANG_CXX_LIBRARY = "libc++";
				CLANG_ENABLE_MODULES = YES;
				CLANG_ENABLE_OBJC_ARC = YES;
				CLANG_ENABLE_OBJC_WEAK = YES;
				CLANG_WARN_BLOCK_CAPTURE_AUTORELEASING = YES;
				CLANG_WARN_BOOL_CONVERSION = YES;
				CLANG_WARN_COMMA = YES;
				CLANG_WARN_CONSTANT_CONVERSION = YES;
				CLANG_WARN_DEPRECATED_OBJC_IMPLEMENTATIONS = YES;
				CLANG_WARN_DIRECT_OBJC_ISA_USAGE = YES_ERROR;
				CLANG_WARN_DOCUMENTATION_COMMENTS = YES;
				CLANG_WARN_EMPTY_BODY = YES;
				CLANG_WARN_ENUM_CONVERSION = YES;
				CLANG_WARN_INFINITE_RECURSION = YES;
				CLANG_WARN_INT_CONVERSION = YES;
				CLANG_WARN_NON_LITERAL_NULL_CONVERSION = YES;
				CLANG_WARN_OBJC_IMPLICIT_RETAIN_SELF = YES;
				CLANG_WARN_OBJC_LITERAL_CONVERSION = YES;
				CLANG_WARN_OBJC_ROOT_CLASS = YES_ERROR;
				CLANG_WARN_QUOTED_INCLUDE_IN_FRAMEWORK_HEADER = YES;
				CLANG_WARN_RANGE_LOOP_ANALYSIS = YES;
				CLANG_WARN_STRICT_PROTOTYPES = YES;
				CLANG_WARN_SUSPICIOUS_MOVE = YES;
				CLANG_WARN_UNGUARDED_AVAILABILITY = YES_AGGRESSIVE;
				CLANG_WARN_UNREACHABLE_CODE = YES;
				CLANG_WARN__DUPLICATE_METHOD_MATCH = YES;
				COPY_PHASE_STRIP = NO;
				DEBUG_INFORMATION_FORMAT = "dwarf-with-dsym";
				DEVELOPMENT_TEAM = 3U4384584Z;
				ENABLE_NS_ASSERTIONS = NO;
				ENABLE_STRICT_OBJC_MSGSEND = YES;
				ENABLE_USER_SCRIPT_SANDBOXING = YES;
				GCC_C_LANGUAGE_STANDARD = gnu11;
				GCC_NO_COMMON_BLOCKS = YES;
				GCC_WARN_64_TO_32_BIT_CONVERSION = YES;
				GCC_WARN_ABOUT_RETURN_TYPE = YES_ERROR;
				GCC_WARN_UNDECLARED_SELECTOR = YES;
				GCC_WARN_UNINITIALIZED_AUTOS = YES_AGGRESSIVE;
				GCC_WARN_UNUSED_FUNCTION = YES;
				GCC_WARN_UNUSED_VARIABLE = YES;
				IPHONEOS_DEPLOYMENT_TARGET = 17.2;
				MTL_ENABLE_DEBUG_INFO = NO;
				MTL_FAST_MATH = YES;
				SDKROOT = iphoneos;
				STRING_CATALOG_GENERATE_SYMBOLS = YES;
				SUPPORTED_PLATFORMS = "iphoneos iphonesimulator";
				SWIFT_COMPILATION_MODE = wholemodule;
				SWIFT_OPTIMIZATION_LEVEL = "-O";
				VALIDATE_PRODUCT = YES;
			};
			name = Release;
		};
/* End XCBuildConfiguration section */

/* Begin XCConfigurationList section */
		AAAA00000000000000000501 /* Build configuration list for PBXNativeTarget "HermesGlasses" */ = {
			isa = XCConfigurationList;
			buildConfigurations = (
				AAAA00000000000000000502 /* Debug */,
				AAAA00000000000000000503 /* Release */,
			);
			defaultConfigurationIsVisible = 0;
			defaultConfigurationName = Release;
		};
		AAAA00000000000000000506 /* Build configuration list for PBXProject "HermesGlasses" */ = {
			isa = XCConfigurationList;
			buildConfigurations = (
				AAAA00000000000000000504 /* Debug */,
				AAAA00000000000000000505 /* Release */,
			);
			defaultConfigurationIsVisible = 0;
			defaultConfigurationName = Release;
		};
/* End XCConfigurationList section */

/* Begin XCRemoteSwiftPackageReference section */
		AAAA00000000000000000601 /* XCRemoteSwiftPackageReference "meta-wearables-dat-ios" */ = {
			isa = XCRemoteSwiftPackageReference;
			repositoryURL = "https://github.com/facebook/meta-wearables-dat-ios";
			requirement = {
				kind = exactVersion;
				version = 1.0.0;
			};
		};
/* End XCRemoteSwiftPackageReference section */

/* Begin XCSwiftPackageProductDependency section */
		AAAA00000000000000000701 /* MWDATCore */ = {
			isa = XCSwiftPackageProductDependency;
			package = AAAA00000000000000000601 /* XCRemoteSwiftPackageReference "meta-wearables-dat-ios" */;
			productName = MWDATCore;
		};
		AAAA00000000000000000702 /* MWDATCamera */ = {
			isa = XCSwiftPackageProductDependency;
			package = AAAA00000000000000000601 /* XCRemoteSwiftPackageReference "meta-wearables-dat-ios" */;
			productName = MWDATCamera;
		};
		AAAA00000000000000000703 /* MWDATMockDevice */ = {
			isa = XCSwiftPackageProductDependency;
			package = AAAA00000000000000000601 /* XCRemoteSwiftPackageReference "meta-wearables-dat-ios" */;
			productName = MWDATMockDevice;
		};
		AAAA00000000000000000704 /* MWDATDisplay */ = {
			isa = XCSwiftPackageProductDependency;
			package = AAAA00000000000000000601 /* XCRemoteSwiftPackageReference "meta-wearables-dat-ios" */;
			productName = MWDATDisplay;
		};
/* End XCSwiftPackageProductDependency section */
	};
	rootObject = AAAA00000000000000000F00 /* Project object */;
}
