// !$*UTF8*$!
{
	archiveVersion = 1;
	classes = {
	};
	objectVersion = 60;
	objects = {

/* Begin PBXBuildFile section */
		AAAA00000000000000000001 /* HermesGlassesApp.swift in Sources */ = {isa = PBXBuildFile; fileRef = AAAA00000000000000000101 /* HermesGlassesApp.swift */; };
		AAAA00000000000000000002 /* ContentView.swift in Sources */ = {isa = PBXBuildFile; fileRef = AAAA00000000000000000102 /* ContentView.swift */; };
		AAAA00000000000000000003 /* RegistrationView.swift in Sources */ = {isa = PBXBuildFile; fileRef = AAAA00000000000000000103 /* RegistrationView.swift */; };
		AAAA00000000000000000004 /* WearablesViewModel.swift in Sources */ = {isa = PBXBuildFile; fileRef = AAAA00000000000000000104 /* WearablesViewModel.swift */; };
		AAAA00000000000000000005 /* HermesSessionViewModel.swift in Sources */ = {isa = PBXBuildFile; fileRef = AAAA00000000000000000105 /* HermesSessionViewModel.swift */; };
		AAAA00000000000000000006 /* HermesAudioManager.swift in Sources */ = {isa = PBXBuildFile; fileRef = AAAA00000000000000000106 /* HermesAudioManager.swift */; };
		AAAA00000000000000000007 /* HermesAPIClient.swift in Sources */ = {isa = PBXBuildFile; fileRef = AAAA00000000000000000107 /* HermesAPIClient.swift */; };
		AAAA00000000000000000008 /* Assets.xcassets in Resources */ = {isa = PBXBuildFile; fileRef = AAAA00000000000000000108 /* Assets.xcassets */; };
		AAAA00000000000000000009 /* HermesCameraManager.swift in Sources */ = {isa = PBXBuildFile; fileRef = AAAA00000000000000000112 /* HermesCameraManager.swift */; };
		AAAA00000000000000000010 /* HermesSpeechRecognizer.swift in Sources */ = {isa = PBXBuildFile; fileRef = AAAA00000000000000000113 /* HermesSpeechRecognizer.swift */; };
		AAAA00000000000000000011 /* HermesSpeechSynthesizer.swift in Sources */ = {isa = PBXBuildFile; fileRef = AAAA00000000000000000114 /* HermesSpeechSynthesizer.swift */; };
		AAAA00000000000000000012 /* DirectClient.swift in Sources */ = {isa = PBXBuildFile; fileRef = AAAA00000000000000000115 /* DirectClient.swift */; };
		AAAA00000000000000000013 /* HermesDisplayLogic.swift in Sources */ = {isa = PBXBuildFile; fileRef = AAAA00000000000000000116 /* HermesDisplayLogic.swift */; };
		AAAA00000000000000000014 /* HermesDisplayScreens.swift in Sources */ = {isa = PBXBuildFile; fileRef = AAAA00000000000000000117 /* HermesDisplayScreens.swift */; };
		AAAA00000000000000000015 /* HermesDisplayManager.swift in Sources */ = {isa = PBXBuildFile; fileRef = AAAA00000000000000000118 /* HermesDisplayManager.swift */; };
		AAAA00000000000000000016 /* DeviceContextFormatter.swift in Sources */ = {isa = PBXBuildFile; fileRef = AAAA00000000000000000119 /* DeviceContextFormatter.swift */; };
		AAAA00000000000000000017 /* DeviceContextProvider.swift in Sources */ = {isa = PBXBuildFile; fileRef = AAAA00000000000000000120 /* DeviceContextProvider.swift */; };
		AAAA00000000000000000018 /* Providers/AIProvider.swift in Sources */ = {isa = PBXBuildFile; fileRef = AAAA00000000000000000121 /* Providers/AIProvider.swift */; };
		AAAA00000000000000000019 /* Providers/AnthropicProvider.swift in Sources */ = {isa = PBXBuildFile; fileRef = AAAA00000000000000000122 /* Providers/AnthropicProvider.swift */; };
		AAAA00000000000000000020 /* Providers/OpenAICompatibleProvider.swift in Sources */ = {isa = PBXBuildFile; fileRef = AAAA00000000000000000123 /* Providers/OpenAICompatibleProvider.swift */; };
		AAAA00000000000000000021 /* Providers/GeminiProvider.swift in Sources */ = {isa = PBXBuildFile; fileRef = AAAA00000000000000000124 /* Providers/GeminiProvider.swift */; };
		AAAA00000000000000000022 /* Navigation/NavigationTypes.swift in Sources */ = {isa = PBXBuildFile; fileRef = AAAA00000000000000000125 /* Navigation/NavigationTypes.swift */; };
		AAAA00000000000000000023 /* Navigation/IntentDetector.swift in Sources */ = {isa = PBXBuildFile; fileRef = AAAA00000000000000000126 /* Navigation/IntentDetector.swift */; };
		AAAA00000000000000000024 /* Navigation/PolylineEncoder.swift in Sources */ = {isa = PBXBuildFile; fileRef = AAAA00000000000000000127 /* Navigation/PolylineEncoder.swift */; };
		AAAA00000000000000000025 /* Navigation/MapboxStaticMap.swift in Sources */ = {isa = PBXBuildFile; fileRef = AAAA00000000000000000128 /* Navigation/MapboxStaticMap.swift */; };
		AAAA00000000000000000026 /* Navigation/WikipediaImageClient.swift in Sources */ = {isa = PBXBuildFile; fileRef = AAAA00000000000000000129 /* Navigation/WikipediaImageClient.swift */; };
		AAAA00000000000000000027 /* Navigation/MapCredentials.swift in Sources */ = {isa = PBXBuildFile; fileRef = AAAA00000000000000000130 /* Navigation/MapCredentials.swift */; };
		AAAA00000000000000000028 /* Navigation/NavigationController.swift in Sources */ = {isa = PBXBuildFile; fileRef = AAAA00000000000000000131 /* Navigation/NavigationController.swift */; };
		AAAA00000000000000000029 /* Social/Encounter.swift in Sources */ = {isa = PBXBuildFile; fileRef = AAAA00000000000000000132 /* Social/Encounter.swift */; };
		AAAA00000000000000000030 /* Social/EncounterStore.swift in Sources */ = {isa = PBXBuildFile; fileRef = AAAA00000000000000000133 /* Social/EncounterStore.swift */; };
		AAAA00000000000000000032 /* VoiceCommandCatalog.swift in Sources */ = {isa = PBXBuildFile; fileRef = AAAA00000000000000000135 /* VoiceCommandCatalog.swift */; };
		AAAA00000000000000000033 /* SettingsView.swift in Sources */ = {isa = PBXBuildFile; fileRef = AAAA00000000000000000136 /* SettingsView.swift */; };
		AAAA00000000000000000034 /* Lens/DwellTracker.swift in Sources */ = {isa = PBXBuildFile; fileRef = AAAA00000000000000000137 /* Lens/DwellTracker.swift */; };
		AAAA00000000000000000035 /* Lens/ObjectDetector.swift in Sources */ = {isa = PBXBuildFile; fileRef = AAAA00000000000000000138 /* Lens/ObjectDetector.swift */; };
		AAAA00000000000000000036 /* LensViewModel.swift in Sources */ = {isa = PBXBuildFile; fileRef = AAAA00000000000000000139 /* LensViewModel.swift */; };
		AAAA00000000000000000038 /* yolo11n.mlpackage in Sources */ = {isa = PBXBuildFile; fileRef = AAAA00000000000000000141 /* yolo11n.mlpackage */; };
		AAAA00000000000000000039 /* Social/ConversationCapture.swift in Sources */ = {isa = PBXBuildFile; fileRef = AAAA00000000000000000142 /* Social/ConversationCapture.swift */; };
		AAAA00000000000000000801 /* MWDATCore in Frameworks */ = {isa = PBXBuildFile; productRef = AAAA00000000000000000701 /* MWDATCore */; };
		AAAA00000000000000000802 /* MWDATCamera in Frameworks */ = {isa = PBXBuildFile; productRef = AAAA00000000000000000702 /* MWDATCamera */; };
		AAAA00000000000000000803 /* MWDATMockDevice in Frameworks */ = {isa = PBXBuildFile; productRef = AAAA00000000000000000703 /* MWDATMockDevice */; };
		AAAA00000000000000000804 /* MWDATDisplay in Frameworks */ = {isa = PBXBuildFile; productRef = AAAA00000000000000000704 /* MWDATDisplay */; };
		AAAA00000000000000000805 /* Lens/LensLogAggregator.swift in Sources */ = {isa = PBXBuildFile; fileRef = AAAA00000000000000000806 /* Lens/LensLogAggregator.swift */; };
		AAAA00000000000000000807 /* Lens/LensSession.swift in Sources */ = {isa = PBXBuildFile; fileRef = AAAA00000000000000000808 /* Lens/LensSession.swift */; };
		AAAA00000000000000000809 /* Lens/LensSessionStore.swift in Sources */ = {isa = PBXBuildFile; fileRef = AAAA00000000000000000810 /* Lens/LensSessionStore.swift */; };
		AAAA00000000000000000811 /* Lens/LensPDFRenderer.swift in Sources */ = {isa = PBXBuildFile; fileRef = AAAA00000000000000000812 /* Lens/LensPDFRenderer.swift */; };
		AAAA00000000000000000817 /* HermesDesign.swift in Sources */ = {isa = PBXBuildFile; fileRef = AAAA00000000000000000818 /* HermesDesign.swift */; };
		AAAA00000000000000000821 /* LensContent.swift in Sources */ = {isa = PBXBuildFile; fileRef = AAAA00000000000000000822 /* LensContent.swift */; };
		AAAA00000000000000000823 /* VisionSource.swift in Sources */ = {isa = PBXBuildFile; fileRef = AAAA00000000000000000824 /* VisionSource.swift */; };
		AAAA00000000000000000825 /* PhoneCameraManager.swift in Sources */ = {isa = PBXBuildFile; fileRef = AAAA00000000000000000826 /* PhoneCameraManager.swift */; };
		AAAA00000000000000000827 /* PermissionsCoordinator.swift in Sources */ = {isa = PBXBuildFile; fileRef = AAAA00000000000000000828 /* PermissionsCoordinator.swift */; };
		AAAA00000000000000000829 /* OnboardingView.swift in Sources */ = {isa = PBXBuildFile; fileRef = AAAA00000000000000000830 /* OnboardingView.swift */; };
		AAAA00000000000000000831 /* SimulatedLensView.swift in Sources */ = {isa = PBXBuildFile; fileRef = AAAA00000000000000000832 /* SimulatedLensView.swift */; };
		AAAA00000000000000000833 /* PhoneModeSessionView.swift in Sources */ = {isa = PBXBuildFile; fileRef = AAAA00000000000000000834 /* PhoneModeSessionView.swift */; };
		AAAA00000000000000000835 /* VisionRouting.swift in Sources */ = {isa = PBXBuildFile; fileRef = AAAA00000000000000000836 /* VisionRouting.swift */; };
		AAAA00000000000000000837 /* Navigation/Bearing.swift in Sources */ = {isa = PBXBuildFile; fileRef = AAAA00000000000000000838 /* Navigation/Bearing.swift */; };
		AAAA00000000000000000839 /* Navigation/PlaceSearch.swift in Sources */ = {isa = PBXBuildFile; fileRef = AAAA00000000000000000840 /* Navigation/PlaceSearch.swift */; };
		AAAA00000000000000000841 /* ChoiceDetector.swift in Sources */ = {isa = PBXBuildFile; fileRef = AAAA00000000000000000842 /* ChoiceDetector.swift */; };
		AAAA00000000000000000848 /* Social/EncounterEvent.swift in Sources */ = {isa = PBXBuildFile; fileRef = AAAA00000000000000000847 /* Social/EncounterEvent.swift */; };
		AAAA00000000000000000850 /* Social/BadgeParser.swift in Sources */ = {isa = PBXBuildFile; fileRef = AAAA00000000000000000849 /* Social/BadgeParser.swift */; };
		AAAA00000000000000000852 /* Social/EncounterTimeline.swift in Sources */ = {isa = PBXBuildFile; fileRef = AAAA00000000000000000851 /* Social/EncounterTimeline.swift */; };
		AAAA00000000000000000854 /* Social/BadgeReader.swift in Sources */ = {isa = PBXBuildFile; fileRef = AAAA00000000000000000853 /* Social/BadgeReader.swift */; };
		AAAA00000000000000000856 /* Social/BadgeRegion.swift in Sources */ = {isa = PBXBuildFile; fileRef = AAAA00000000000000000855 /* Social/BadgeRegion.swift */; };
		AAAA00000000000000000858 /* Social/ConversationRecorder.swift in Sources */ = {isa = PBXBuildFile; fileRef = AAAA00000000000000000857 /* Social/ConversationRecorder.swift */; };
		AAAA00000000000000000860 /* Social/TranscriptionService.swift in Sources */ = {isa = PBXBuildFile; fileRef = AAAA00000000000000000859 /* Social/TranscriptionService.swift */; };
		AAAA00000000000000000862 /* Social/BadgeCrop.swift in Sources */ = {isa = PBXBuildFile; fileRef = AAAA00000000000000000861 /* Social/BadgeCrop.swift */; };
		AAAA00000000000000000864 /* Social/BarcodeReader.swift in Sources */ = {isa = PBXBuildFile; fileRef = AAAA00000000000000000863 /* Social/BarcodeReader.swift */; };
		AAAA00000000000000000866 /* Social/BadgeDetector.swift in Sources */ = {isa = PBXBuildFile; fileRef = AAAA00000000000000000865 /* Social/BadgeDetector.swift */; };
		AAAA00000000000000000868 /* Social/BadgePortrait.swift in Sources */ = {isa = PBXBuildFile; fileRef = AAAA00000000000000000867 /* Social/BadgePortrait.swift */; };
		AAAA00000000000000000869 /* PersonLookupGate.swift in Sources */ = {isa = PBXBuildFile; fileRef = AAAA00000000000000000870 /* PersonLookupGate.swift */; };
		AAAA00000000000000000877 /* People/RosterPerson.swift in Sources */ = {isa = PBXBuildFile; fileRef = AAAA00000000000000000878 /* People/RosterPerson.swift */; };
		AAAA00000000000000000879 /* People/RosterImporter.swift in Sources */ = {isa = PBXBuildFile; fileRef = AAAA00000000000000000880 /* People/RosterImporter.swift */; };
		AAAA00000000000000000881 /* People/RosterStore.swift in Sources */ = {isa = PBXBuildFile; fileRef = AAAA00000000000000000882 /* People/RosterStore.swift */; };
		AAAA00000000000000000883 /* People/FaceMatcher.swift in Sources */ = {isa = PBXBuildFile; fileRef = AAAA00000000000000000884 /* People/FaceMatcher.swift */; };
		AAAA00000000000000000885 /* People/FaceAlignment.swift in Sources */ = {isa = PBXBuildFile; fileRef = AAAA00000000000000000886 /* People/FaceAlignment.swift */; };
		AAAA00000000000000000A01 /* AiSee/AiSeeConnectionService.swift in Sources */ = {isa = PBXBuildFile; fileRef = AAAA00000000000000000A0A /* AiSee/AiSeeConnectionService.swift */; };
		AAAA00000000000000000A02 /* AiSee/AiSeeDeviceCoordinator.swift in Sources */ = {isa = PBXBuildFile; fileRef = AAAA00000000000000000A0B /* AiSee/AiSeeDeviceCoordinator.swift */; };
		AAAA00000000000000000A03 /* AiSee/AiSeeH264Decoder.swift in Sources */ = {isa = PBXBuildFile; fileRef = AAAA00000000000000000A0C /* AiSee/AiSeeH264Decoder.swift */; };
		AAAA00000000000000000A04 /* AiSee/AiSeeLiveStream.swift in Sources */ = {isa = PBXBuildFile; fileRef = AAAA00000000000000000A0D /* AiSee/AiSeeLiveStream.swift */; };
		AAAA00000000000000000A05 /* AiSee/AiSeeMicrophone.swift in Sources */ = {isa = PBXBuildFile; fileRef = AAAA00000000000000000A0E /* AiSee/AiSeeMicrophone.swift */; };
		AAAA00000000000000000A06 /* AiSee/AiSeePCMAdapter.swift in Sources */ = {isa = PBXBuildFile; fileRef = AAAA00000000000000000A0F /* AiSee/AiSeePCMAdapter.swift */; };
		AAAA00000000000000000A07 /* AiSee/AiSeePhotoCapture.swift in Sources */ = {isa = PBXBuildFile; fileRef = AAAA00000000000000000A10 /* AiSee/AiSeePhotoCapture.swift */; };
		AAAA00000000000000000A08 /* AiSee/AiSeeSequencing.swift in Sources */ = {isa = PBXBuildFile; fileRef = AAAA00000000000000000A11 /* AiSee/AiSeeSequencing.swift */; };
		AAAA00000000000000000A09 /* AiSee/AiSeeTypes.swift in Sources */ = {isa = PBXBuildFile; fileRef = AAAA00000000000000000A12 /* AiSee/AiSeeTypes.swift */; };
		AAAA00000000000000000A30 /* RTKAIDeviceConnection.framework in Frameworks */ = {isa = PBXBuildFile; fileRef = AAAA00000000000000000A20 /* RTKAIDeviceConnection.framework */; };
		AAAA00000000000000000A31 /* RTKAudioConnectSDK.framework in Frameworks */ = {isa = PBXBuildFile; fileRef = AAAA00000000000000000A21 /* RTKAudioConnectSDK.framework */; };
		AAAA00000000000000000A32 /* RTKAudioStreaming.framework in Frameworks */ = {isa = PBXBuildFile; fileRef = AAAA00000000000000000A22 /* RTKAudioStreaming.framework */; };
		AAAA00000000000000000A33 /* RTKLEFoundation.framework in Frameworks */ = {isa = PBXBuildFile; fileRef = AAAA00000000000000000A23 /* RTKLEFoundation.framework */; };
		AAAA00000000000000000A34 /* OpenAIRealtimeAccess.framework in Frameworks */ = {isa = PBXBuildFile; fileRef = AAAA00000000000000000A24 /* OpenAIRealtimeAccess.framework */; };
		AAAA00000000000000000A35 /* libavcodec.framework in Frameworks */ = {isa = PBXBuildFile; fileRef = AAAA00000000000000000A25 /* libavcodec.framework */; };
		AAAA00000000000000000A36 /* libavformat.framework in Frameworks */ = {isa = PBXBuildFile; fileRef = AAAA00000000000000000A26 /* libavformat.framework */; };
		AAAA00000000000000000A37 /* libavutil.framework in Frameworks */ = {isa = PBXBuildFile; fileRef = AAAA00000000000000000A27 /* libavutil.framework */; };
		AAAA00000000000000000A38 /* libswresample.framework in Frameworks */ = {isa = PBXBuildFile; fileRef = AAAA00000000000000000A28 /* libswresample.framework */; };
		AAAA00000000000000000A40 /* RTKAIDeviceConnection.framework in Embed Frameworks */ = {isa = PBXBuildFile; fileRef = AAAA00000000000000000A20 /* RTKAIDeviceConnection.framework */; settings = {ATTRIBUTES = (CodeSignOnCopy, RemoveHeadersOnCopy, ); }; };
		AAAA00000000000000000A41 /* RTKAudioConnectSDK.framework in Embed Frameworks */ = {isa = PBXBuildFile; fileRef = AAAA00000000000000000A21 /* RTKAudioConnectSDK.framework */; settings = {ATTRIBUTES = (CodeSignOnCopy, RemoveHeadersOnCopy, ); }; };
		AAAA00000000000000000A42 /* RTKAudioStreaming.framework in Embed Frameworks */ = {isa = PBXBuildFile; fileRef = AAAA00000000000000000A22 /* RTKAudioStreaming.framework */; settings = {ATTRIBUTES = (CodeSignOnCopy, RemoveHeadersOnCopy, ); }; };
		AAAA00000000000000000A43 /* RTKLEFoundation.framework in Embed Frameworks */ = {isa = PBXBuildFile; fileRef = AAAA00000000000000000A23 /* RTKLEFoundation.framework */; settings = {ATTRIBUTES = (CodeSignOnCopy, RemoveHeadersOnCopy, ); }; };
		AAAA00000000000000000A44 /* OpenAIRealtimeAccess.framework in Embed Frameworks */ = {isa = PBXBuildFile; fileRef = AAAA00000000000000000A24 /* OpenAIRealtimeAccess.framework */; settings = {ATTRIBUTES = (CodeSignOnCopy, RemoveHeadersOnCopy, ); }; };
		AAAA00000000000000000A45 /* libavcodec.framework in Embed Frameworks */ = {isa = PBXBuildFile; fileRef = AAAA00000000000000000A25 /* libavcodec.framework */; settings = {ATTRIBUTES = (CodeSignOnCopy, RemoveHeadersOnCopy, ); }; };
		AAAA00000000000000000A46 /* libavformat.framework in Embed Frameworks */ = {isa = PBXBuildFile; fileRef = AAAA00000000000000000A26 /* libavformat.framework */; settings = {ATTRIBUTES = (CodeSignOnCopy, RemoveHeadersOnCopy, ); }; };
		AAAA00000000000000000A47 /* libavutil.framework in Embed Frameworks */ = {isa = PBXBuildFile; fileRef = AAAA00000000000000000A27 /* libavutil.framework */; settings = {ATTRIBUTES = (CodeSignOnCopy, RemoveHeadersOnCopy, ); }; };
		AAAA00000000000000000A48 /* libswresample.framework in Embed Frameworks */ = {isa = PBXBuildFile; fileRef = AAAA00000000000000000A28 /* libswresample.framework */; settings = {ATTRIBUTES = (CodeSignOnCopy, RemoveHeadersOnCopy, ); }; };
		AAAA00000000000000000A52 /* GlassesVendor.swift in Sources */ = {isa = PBXBuildFile; fileRef = AAAA00000000000000000A51 /* GlassesVendor.swift */; };
		AAAA00000000000000000A54 /* AiSee/AiSeeCameraSource.swift in Sources */ = {isa = PBXBuildFile; fileRef = AAAA00000000000000000A53 /* AiSee/AiSeeCameraSource.swift */; };
		AAAA00000000000000000A56 /* GlassesKeyMap.swift in Sources */ = {isa = PBXBuildFile; fileRef = AAAA00000000000000000A55 /* GlassesKeyMap.swift */; };
		AAAA00000000000000000A57 /* AiSee/AiSeeClipRecorder.swift in Sources */ = {isa = PBXBuildFile; fileRef = AAAA00000000000000000A58 /* AiSee/AiSeeClipRecorder.swift */; };
		AAAA00000000000000000A59 /* BuildCheck/BuildCheckJSON.swift in Sources */ = {isa = PBXBuildFile; fileRef = AAAA00000000000000000A5A /* BuildCheck/BuildCheckJSON.swift */; };
		AAAA00000000000000000A5B /* BuildCheck/Procedure.swift in Sources */ = {isa = PBXBuildFile; fileRef = AAAA00000000000000000A5C /* BuildCheck/Procedure.swift */; };
		AAAA00000000000000000A5D /* BuildCheck/ProcedureParser.swift in Sources */ = {isa = PBXBuildFile; fileRef = AAAA00000000000000000A5E /* BuildCheck/ProcedureParser.swift */; };
		AAAA00000000000000000A5F /* BuildCheck/BuildCheckPrompt.swift in Sources */ = {isa = PBXBuildFile; fileRef = AAAA00000000000000000A60 /* BuildCheck/BuildCheckPrompt.swift */; };
		AAAA00000000000000000A61 /* BuildCheck/AlertPolicy.swift in Sources */ = {isa = PBXBuildFile; fileRef = AAAA00000000000000000A62 /* BuildCheck/AlertPolicy.swift */; };
		AAAA00000000000000000A63 /* BuildCheck/ChangeGate.swift in Sources */ = {isa = PBXBuildFile; fileRef = AAAA00000000000000000A64 /* BuildCheck/ChangeGate.swift */; };
		AAAA00000000000000000A65 /* BuildCheck/BuildRunTracker.swift in Sources */ = {isa = PBXBuildFile; fileRef = AAAA00000000000000000A66 /* BuildCheck/BuildRunTracker.swift */; };
		AAAA00000000000000000A67 /* BuildCheck/BuildRun.swift in Sources */ = {isa = PBXBuildFile; fileRef = AAAA00000000000000000A68 /* BuildCheck/BuildRun.swift */; };
		AAAA00000000000000000A69 /* BuildCheck/ProcedureStore.swift in Sources */ = {isa = PBXBuildFile; fileRef = AAAA00000000000000000A6A /* BuildCheck/ProcedureStore.swift */; };
		AAAA00000000000000000A6B /* BuildCheck/BuildRunStore.swift in Sources */ = {isa = PBXBuildFile; fileRef = AAAA00000000000000000A6C /* BuildCheck/BuildRunStore.swift */; };
		AAAA00000000000000000A6D /* BuildCheck/ChimeTone.swift in Sources */ = {isa = PBXBuildFile; fileRef = AAAA00000000000000000A6E /* BuildCheck/ChimeTone.swift */; };
		AAAA00000000000000000A6F /* BuildCheck/BuildCheckVision.swift in Sources */ = {isa = PBXBuildFile; fileRef = AAAA00000000000000000A70 /* BuildCheck/BuildCheckVision.swift */; };
		AAAA00000000000000000A71 /* BuildCheck/BuildChecker.swift in Sources */ = {isa = PBXBuildFile; fileRef = AAAA00000000000000000A72 /* BuildCheck/BuildChecker.swift */; };
		AAAA00000000000000000A73 /* BuildCheck/ProcedureImporter.swift in Sources */ = {isa = PBXBuildFile; fileRef = AAAA00000000000000000A74 /* BuildCheck/ProcedureImporter.swift */; };
		AAAA00000000000000000A75 /* BuildCheck/BuildRunPDF.swift in Sources */ = {isa = PBXBuildFile; fileRef = AAAA00000000000000000A76 /* BuildCheck/BuildRunPDF.swift */; };
		AAAA00000000000000000E01 /* EmoDrink/PhysiologySnapshot.swift in Sources */ = {isa = PBXBuildFile; fileRef = AAAA00000000000000000E02 /* EmoDrink/PhysiologySnapshot.swift */; };
		AAAA00000000000000000E03 /* EmoDrink/DrinkCatalog.swift in Sources */ = {isa = PBXBuildFile; fileRef = AAAA00000000000000000E04 /* EmoDrink/DrinkCatalog.swift */; };
		AAAA00000000000000000E05 /* Resources/EmoDrink/asahi-drinks.json in Resources */ = {isa = PBXBuildFile; fileRef = AAAA00000000000000000E06 /* Resources/EmoDrink/asahi-drinks.json */; };
		AAAA00000000000000000E07 /* EmoDrink/DrinkRecommender.swift in Sources */ = {isa = PBXBuildFile; fileRef = AAAA00000000000000000E08 /* EmoDrink/DrinkRecommender.swift */; };
		AAAA00000000000000000E09 /* EmoDrink/PhysiologySource.swift in Sources */ = {isa = PBXBuildFile; fileRef = AAAA00000000000000000E0A /* EmoDrink/PhysiologySource.swift */; };
		AAAA00000000000000000E0B /* EmoDrink/PhysiologyStore.swift in Sources */ = {isa = PBXBuildFile; fileRef = AAAA00000000000000000E0C /* EmoDrink/PhysiologyStore.swift */; };
		AAAA00000000000000000E0D /* EmoDrink/VendingMachineGate.swift in Sources */ = {isa = PBXBuildFile; fileRef = AAAA00000000000000000E0E /* EmoDrink/VendingMachineGate.swift */; };
		AAAA00000000000000000E0F /* EmoDrink/VendingMachineDetector.swift in Sources */ = {isa = PBXBuildFile; fileRef = AAAA00000000000000000E10 /* EmoDrink/VendingMachineDetector.swift */; };
		AAAA00000000000000000E11 /* EmoDrink/EmoDrinkPersona.swift in Sources */ = {isa = PBXBuildFile; fileRef = AAAA00000000000000000E12 /* EmoDrink/EmoDrinkPersona.swift */; };
		AAAA00000000000000000E13 /* EmoDrink/EmoDrinkCommands.swift in Sources */ = {isa = PBXBuildFile; fileRef = AAAA00000000000000000E14 /* EmoDrink/EmoDrinkCommands.swift */; };
		AAAA00000000000000000E19 /* BundledAIKey.swift in Sources */ = {isa = PBXBuildFile; fileRef = AAAA00000000000000000E1A /* BundledAIKey.swift */; };
		AAAA00000000000000000E15 /* EmoDrinkViewModel.swift in Sources */ = {isa = PBXBuildFile; fileRef = AAAA00000000000000000E16 /* EmoDrinkViewModel.swift */; };
		AAAA00000000000000000E17 /* EmoDrinkView.swift in Sources */ = {isa = PBXBuildFile; fileRef = AAAA00000000000000000E18 /* EmoDrinkView.swift */; };
		AAAA0000000000000000887 /* People/FaceEmbedder.swift in Sources */ = {isa = PBXBuildFile; fileRef = AAAA0000000000000000888 /* People/FaceEmbedder.swift */; };
		AAAA0000000000000000889 /* People/RosterImport.swift in Sources */ = {isa = PBXBuildFile; fileRef = AAAA0000000000000000890 /* People/RosterImport.swift */; };
		AAAA0000000000000000893 /* People/FaceEmbedding.swift in Sources */ = {isa = PBXBuildFile; fileRef = AAAA0000000000000000894 /* People/FaceEmbedding.swift */; };
		AAAA0000000000000000895 /* faceid.mlpackage in Sources */ = {isa = PBXBuildFile; fileRef = AAAA0000000000000000896 /* faceid.mlpackage */; };
/* End PBXBuildFile section */

/* Begin PBXCopyFilesBuildPhase section */
		AAAA00000000000000000A49 /* Embed Frameworks */ = {
			isa = PBXCopyFilesBuildPhase;
			buildActionMask = 2147483647;
			dstPath = "";
			dstSubfolderSpec = 10;
			files = (
				AAAA00000000000000000A40 /* RTKAIDeviceConnection.framework in Embed Frameworks */,
				AAAA00000000000000000A41 /* RTKAudioConnectSDK.framework in Embed Frameworks */,
				AAAA00000000000000000A42 /* RTKAudioStreaming.framework in Embed Frameworks */,
				AAAA00000000000000000A43 /* RTKLEFoundation.framework in Embed Frameworks */,
				AAAA00000000000000000A44 /* OpenAIRealtimeAccess.framework in Embed Frameworks */,
				AAAA00000000000000000A45 /* libavcodec.framework in Embed Frameworks */,
				AAAA00000000000000000A46 /* libavformat.framework in Embed Frameworks */,
				AAAA00000000000000000A47 /* libavutil.framework in Embed Frameworks */,
				AAAA00000000000000000A48 /* libswresample.framework in Embed Frameworks */,
			);
			name = "Embed Frameworks";
			runOnlyForDeploymentPostprocessing = 0;
		};
/* End PBXCopyFilesBuildPhase section */

/* Begin PBXFileReference section */
		AAAA00000000000000000101 /* HermesGlassesApp.swift */ = {isa = PBXFileReference; lastKnownFileType = sourcecode.swift; path = HermesGlassesApp.swift; sourceTree = "<group>"; };
		AAAA00000000000000000102 /* ContentView.swift */ = {isa = PBXFileReference; lastKnownFileType = sourcecode.swift; path = ContentView.swift; sourceTree = "<group>"; };
		AAAA00000000000000000103 /* RegistrationView.swift */ = {isa = PBXFileReference; lastKnownFileType = sourcecode.swift; path = RegistrationView.swift; sourceTree = "<group>"; };
		AAAA00000000000000000104 /* WearablesViewModel.swift */ = {isa = PBXFileReference; lastKnownFileType = sourcecode.swift; path = WearablesViewModel.swift; sourceTree = "<group>"; };
		AAAA00000000000000000105 /* HermesSessionViewModel.swift */ = {isa = PBXFileReference; lastKnownFileType = sourcecode.swift; path = HermesSessionViewModel.swift; sourceTree = "<group>"; };
		AAAA00000000000000000106 /* HermesAudioManager.swift */ = {isa = PBXFileReference; lastKnownFileType = sourcecode.swift; path = HermesAudioManager.swift; sourceTree = "<group>"; };
		AAAA00000000000000000107 /* HermesAPIClient.swift */ = {isa = PBXFileReference; lastKnownFileType = sourcecode.swift; path = HermesAPIClient.swift; sourceTree = "<group>"; };
		AAAA00000000000000000108 /* Assets.xcassets */ = {isa = PBXFileReference; lastKnownFileType = folder.assetcatalog; path = Assets.xcassets; sourceTree = "<group>"; };
		AAAA00000000000000000109 /* Info.plist */ = {isa = PBXFileReference; lastKnownFileType = text.plist.xml; path = Info.plist; sourceTree = "<group>"; };
		AAAA00000000000000000110 /* HermesGlasses.entitlements */ = {isa = PBXFileReference; lastKnownFileType = text.plist.entitlements; path = HermesGlasses.entitlements; sourceTree = "<group>"; };
		AAAA00000000000000000111 /* EmoDrink Glasses.app */ = {isa = PBXFileReference; explicitFileType = wrapper.application; includeInIndex = 0; path = "EmoDrink Glasses.app"; sourceTree = BUILT_PRODUCTS_DIR; };
		AAAA00000000000000000112 /* HermesCameraManager.swift */ = {isa = PBXFileReference; lastKnownFileType = sourcecode.swift; path = HermesCameraManager.swift; sourceTree = "<group>"; };
		AAAA00000000000000000113 /* HermesSpeechRecognizer.swift */ = {isa = PBXFileReference; lastKnownFileType = sourcecode.swift; path = HermesSpeechRecognizer.swift; sourceTree = "<group>"; };
		AAAA00000000000000000114 /* HermesSpeechSynthesizer.swift */ = {isa = PBXFileReference; lastKnownFileType = sourcecode.swift; path = HermesSpeechSynthesizer.swift; sourceTree = "<group>"; };
		AAAA00000000000000000115 /* DirectClient.swift */ = {isa = PBXFileReference; lastKnownFileType = sourcecode.swift; path = DirectClient.swift; sourceTree = "<group>"; };
		AAAA00000000000000000116 /* HermesDisplayLogic.swift */ = {isa = PBXFileReference; lastKnownFileType = sourcecode.swift; path = HermesDisplayLogic.swift; sourceTree = "<group>"; };
		AAAA00000000000000000117 /* HermesDisplayScreens.swift */ = {isa = PBXFileReference; lastKnownFileType = sourcecode.swift; path = HermesDisplayScreens.swift; sourceTree = "<group>"; };
		AAAA00000000000000000118 /* HermesDisplayManager.swift */ = {isa = PBXFileReference; lastKnownFileType = sourcecode.swift; path = HermesDisplayManager.swift; sourceTree = "<group>"; };
		AAAA00000000000000000119 /* DeviceContextFormatter.swift */ = {isa = PBXFileReference; lastKnownFileType = sourcecode.swift; path = DeviceContextFormatter.swift; sourceTree = "<group>"; };
		AAAA00000000000000000120 /* DeviceContextProvider.swift */ = {isa = PBXFileReference; lastKnownFileType = sourcecode.swift; path = DeviceContextProvider.swift; sourceTree = "<group>"; };
		AAAA00000000000000000121 /* Providers/AIProvider.swift */ = {isa = PBXFileReference; lastKnownFileType = sourcecode.swift; path = Providers/AIProvider.swift; sourceTree = "<group>"; };
		AAAA00000000000000000122 /* Providers/AnthropicProvider.swift */ = {isa = PBXFileReference; lastKnownFileType = sourcecode.swift; path = Providers/AnthropicProvider.swift; sourceTree = "<group>"; };
		AAAA00000000000000000123 /* Providers/OpenAICompatibleProvider.swift */ = {isa = PBXFileReference; lastKnownFileType = sourcecode.swift; path = Providers/OpenAICompatibleProvider.swift; sourceTree = "<group>"; };
		AAAA00000000000000000124 /* Providers/GeminiProvider.swift */ = {isa = PBXFileReference; lastKnownFileType = sourcecode.swift; path = Providers/GeminiProvider.swift; sourceTree = "<group>"; };
		AAAA00000000000000000125 /* Navigation/NavigationTypes.swift */ = {isa = PBXFileReference; lastKnownFileType = sourcecode.swift; path = Navigation/NavigationTypes.swift; sourceTree = "<group>"; };
		AAAA00000000000000000126 /* Navigation/IntentDetector.swift */ = {isa = PBXFileReference; lastKnownFileType = sourcecode.swift; path = Navigation/IntentDetector.swift; sourceTree = "<group>"; };
		AAAA00000000000000000127 /* Navigation/PolylineEncoder.swift */ = {isa = PBXFileReference; lastKnownFileType = sourcecode.swift; path = Navigation/PolylineEncoder.swift; sourceTree = "<group>"; };
		AAAA00000000000000000128 /* Navigation/MapboxStaticMap.swift */ = {isa = PBXFileReference; lastKnownFileType = sourcecode.swift; path = Navigation/MapboxStaticMap.swift; sourceTree = "<group>"; };
		AAAA00000000000000000129 /* Navigation/WikipediaImageClient.swift */ = {isa = PBXFileReference; lastKnownFileType = sourcecode.swift; path = Navigation/WikipediaImageClient.swift; sourceTree = "<group>"; };
		AAAA0000000000000000012A /* Config/Hermes.xcconfig */ = {isa = PBXFileReference; lastKnownFileType = text.xcconfig; path = Config/Hermes.xcconfig; sourceTree = SOURCE_ROOT; };
		AAAA00000000000000000130 /* Navigation/MapCredentials.swift */ = {isa = PBXFileReference; lastKnownFileType = sourcecode.swift; path = Navigation/MapCredentials.swift; sourceTree = "<group>"; };
		AAAA00000000000000000131 /* Navigation/NavigationController.swift */ = {isa = PBXFileReference; lastKnownFileType = sourcecode.swift; path = Navigation/NavigationController.swift; sourceTree = "<group>"; };
		AAAA00000000000000000132 /* Social/Encounter.swift */ = {isa = PBXFileReference; lastKnownFileType = sourcecode.swift; path = Social/Encounter.swift; sourceTree = "<group>"; };
		AAAA00000000000000000133 /* Social/EncounterStore.swift */ = {isa = PBXFileReference; lastKnownFileType = sourcecode.swift; path = Social/EncounterStore.swift; sourceTree = "<group>"; };
		AAAA00000000000000000135 /* VoiceCommandCatalog.swift */ = {isa = PBXFileReference; lastKnownFileType = sourcecode.swift; path = VoiceCommandCatalog.swift; sourceTree = "<group>"; };
		AAAA00000000000000000136 /* SettingsView.swift */ = {isa = PBXFileReference; lastKnownFileType = sourcecode.swift; path = SettingsView.swift; sourceTree = "<group>"; };
		AAAA00000000000000000137 /* Lens/DwellTracker.swift */ = {isa = PBXFileReference; lastKnownFileType = sourcecode.swift; path = Lens/DwellTracker.swift; sourceTree = "<group>"; };
		AAAA00000000000000000138 /* Lens/ObjectDetector.swift */ = {isa = PBXFileReference; lastKnownFileType = sourcecode.swift; path = Lens/ObjectDetector.swift; sourceTree = "<group>"; };
		AAAA00000000000000000139 /* LensViewModel.swift */ = {isa = PBXFileReference; lastKnownFileType = sourcecode.swift; path = LensViewModel.swift; sourceTree = "<group>"; };
		AAAA00000000000000000141 /* yolo11n.mlpackage */ = {isa = PBXFileReference; lastKnownFileType = folder.mlpackage; path = yolo11n.mlpackage; sourceTree = "<group>"; };
		AAAA00000000000000000142 /* Social/ConversationCapture.swift */ = {isa = PBXFileReference; lastKnownFileType = sourcecode.swift; path = Social/ConversationCapture.swift; sourceTree = "<group>"; };
		AAAA00000000000000000806 /* Lens/LensLogAggregator.swift */ = {isa = PBXFileReference; lastKnownFileType = sourcecode.swift; path = Lens/LensLogAggregator.swift; sourceTree = "<group>"; };
		AAAA00000000000000000808 /* Lens/LensSession.swift */ = {isa = PBXFileReference; lastKnownFileType = sourcecode.swift; path = Lens/LensSession.swift; sourceTree = "<group>"; };
		AAAA00000000000000000810 /* Lens/LensSessionStore.swift */ = {isa = PBXFileReference; lastKnownFileType = sourcecode.swift; path = Lens/LensSessionStore.swift; sourceTree = "<group>"; };
		AAAA00000000000000000812 /* Lens/LensPDFRenderer.swift */ = {isa = PBXFileReference; lastKnownFileType = sourcecode.swift; path = Lens/LensPDFRenderer.swift; sourceTree = "<group>"; };
		AAAA00000000000000000818 /* HermesDesign.swift */ = {isa = PBXFileReference; lastKnownFileType = sourcecode.swift; path = HermesDesign.swift; sourceTree = "<group>"; };
		AAAA00000000000000000822 /* LensContent.swift */ = {isa = PBXFileReference; lastKnownFileType = sourcecode.swift; path = LensContent.swift; sourceTree = "<group>"; };
		AAAA00000000000000000824 /* VisionSource.swift */ = {isa = PBXFileReference; lastKnownFileType = sourcecode.swift; path = VisionSource.swift; sourceTree = "<group>"; };
		AAAA00000000000000000826 /* PhoneCameraManager.swift */ = {isa = PBXFileReference; lastKnownFileType = sourcecode.swift; path = PhoneCameraManager.swift; sourceTree = "<group>"; };
		AAAA00000000000000000828 /* PermissionsCoordinator.swift */ = {isa = PBXFileReference; lastKnownFileType = sourcecode.swift; path = PermissionsCoordinator.swift; sourceTree = "<group>"; };
		AAAA00000000000000000830 /* OnboardingView.swift */ = {isa = PBXFileReference; lastKnownFileType = sourcecode.swift; path = OnboardingView.swift; sourceTree = "<group>"; };
		AAAA00000000000000000832 /* SimulatedLensView.swift */ = {isa = PBXFileReference; lastKnownFileType = sourcecode.swift; path = SimulatedLensView.swift; sourceTree = "<group>"; };
		AAAA00000000000000000834 /* PhoneModeSessionView.swift */ = {isa = PBXFileReference; lastKnownFileType = sourcecode.swift; path = PhoneModeSessionView.swift; sourceTree = "<group>"; };
		AAAA00000000000000000836 /* VisionRouting.swift */ = {isa = PBXFileReference; lastKnownFileType = sourcecode.swift; path = VisionRouting.swift; sourceTree = "<group>"; };
		AAAA00000000000000000838 /* Navigation/Bearing.swift */ = {isa = PBXFileReference; lastKnownFileType = sourcecode.swift; path = Navigation/Bearing.swift; sourceTree = "<group>"; };
		AAAA00000000000000000840 /* Navigation/PlaceSearch.swift */ = {isa = PBXFileReference; lastKnownFileType = sourcecode.swift; path = Navigation/PlaceSearch.swift; sourceTree = "<group>"; };
		AAAA00000000000000000842 /* ChoiceDetector.swift */ = {isa = PBXFileReference; lastKnownFileType = sourcecode.swift; path = ChoiceDetector.swift; sourceTree = "<group>"; };
		AAAA00000000000000000847 /* Social/EncounterEvent.swift */ = {isa = PBXFileReference; lastKnownFileType = sourcecode.swift; path = Social/EncounterEvent.swift; sourceTree = "<group>"; };
		AAAA00000000000000000849 /* Social/BadgeParser.swift */ = {isa = PBXFileReference; lastKnownFileType = sourcecode.swift; path = Social/BadgeParser.swift; sourceTree = "<group>"; };
		AAAA00000000000000000851 /* Social/EncounterTimeline.swift */ = {isa = PBXFileReference; lastKnownFileType = sourcecode.swift; path = Social/EncounterTimeline.swift; sourceTree = "<group>"; };
		AAAA00000000000000000853 /* Social/BadgeReader.swift */ = {isa = PBXFileReference; lastKnownFileType = sourcecode.swift; path = Social/BadgeReader.swift; sourceTree = "<group>"; };
		AAAA00000000000000000855 /* Social/BadgeRegion.swift */ = {isa = PBXFileReference; lastKnownFileType = sourcecode.swift; path = Social/BadgeRegion.swift; sourceTree = "<group>"; };
		AAAA00000000000000000857 /* Social/ConversationRecorder.swift */ = {isa = PBXFileReference; lastKnownFileType = sourcecode.swift; path = Social/ConversationRecorder.swift; sourceTree = "<group>"; };
		AAAA00000000000000000859 /* Social/TranscriptionService.swift */ = {isa = PBXFileReference; lastKnownFileType = sourcecode.swift; path = Social/TranscriptionService.swift; sourceTree = "<group>"; };
		AAAA00000000000000000861 /* Social/BadgeCrop.swift */ = {isa = PBXFileReference; lastKnownFileType = sourcecode.swift; path = Social/BadgeCrop.swift; sourceTree = "<group>"; };
		AAAA00000000000000000863 /* Social/BarcodeReader.swift */ = {isa = PBXFileReference; lastKnownFileType = sourcecode.swift; path = Social/BarcodeReader.swift; sourceTree = "<group>"; };
		AAAA00000000000000000865 /* Social/BadgeDetector.swift */ = {isa = PBXFileReference; lastKnownFileType = sourcecode.swift; path = Social/BadgeDetector.swift; sourceTree = "<group>"; };
		AAAA00000000000000000867 /* Social/BadgePortrait.swift */ = {isa = PBXFileReference; lastKnownFileType = sourcecode.swift; path = Social/BadgePortrait.swift; sourceTree = "<group>"; };
		AAAA00000000000000000870 /* PersonLookupGate.swift */ = {isa = PBXFileReference; lastKnownFileType = sourcecode.swift; path = PersonLookupGate.swift; sourceTree = "<group>"; };
		AAAA00000000000000000878 /* People/RosterPerson.swift */ = {isa = PBXFileReference; lastKnownFileType = sourcecode.swift; path = People/RosterPerson.swift; sourceTree = "<group>"; };
		AAAA00000000000000000880 /* People/RosterImporter.swift */ = {isa = PBXFileReference; lastKnownFileType = sourcecode.swift; path = People/RosterImporter.swift; sourceTree = "<group>"; };
		AAAA00000000000000000882 /* People/RosterStore.swift */ = {isa = PBXFileReference; lastKnownFileType = sourcecode.swift; path = People/RosterStore.swift; sourceTree = "<group>"; };
		AAAA00000000000000000884 /* People/FaceMatcher.swift */ = {isa = PBXFileReference; lastKnownFileType = sourcecode.swift; path = People/FaceMatcher.swift; sourceTree = "<group>"; };
		AAAA00000000000000000886 /* People/FaceAlignment.swift */ = {isa = PBXFileReference; lastKnownFileType = sourcecode.swift; path = People/FaceAlignment.swift; sourceTree = "<group>"; };
		AAAA00000000000000000A0A /* AiSee/AiSeeConnectionService.swift */ = {isa = PBXFileReference; lastKnownFileType = sourcecode.swift; path = AiSee/AiSeeConnectionService.swift; sourceTree = "<group>"; };
		AAAA00000000000000000A0B /* AiSee/AiSeeDeviceCoordinator.swift */ = {isa = PBXFileReference; lastKnownFileType = sourcecode.swift; path = AiSee/AiSeeDeviceCoordinator.swift; sourceTree = "<group>"; };
		AAAA00000000000000000A0C /* AiSee/AiSeeH264Decoder.swift */ = {isa = PBXFileReference; lastKnownFileType = sourcecode.swift; path = AiSee/AiSeeH264Decoder.swift; sourceTree = "<group>"; };
		AAAA00000000000000000A0D /* AiSee/AiSeeLiveStream.swift */ = {isa = PBXFileReference; lastKnownFileType = sourcecode.swift; path = AiSee/AiSeeLiveStream.swift; sourceTree = "<group>"; };
		AAAA00000000000000000A0E /* AiSee/AiSeeMicrophone.swift */ = {isa = PBXFileReference; lastKnownFileType = sourcecode.swift; path = AiSee/AiSeeMicrophone.swift; sourceTree = "<group>"; };
		AAAA00000000000000000A0F /* AiSee/AiSeePCMAdapter.swift */ = {isa = PBXFileReference; lastKnownFileType = sourcecode.swift; path = AiSee/AiSeePCMAdapter.swift; sourceTree = "<group>"; };
		AAAA00000000000000000A10 /* AiSee/AiSeePhotoCapture.swift */ = {isa = PBXFileReference; lastKnownFileType = sourcecode.swift; path = AiSee/AiSeePhotoCapture.swift; sourceTree = "<group>"; };
		AAAA00000000000000000A11 /* AiSee/AiSeeSequencing.swift */ = {isa = PBXFileReference; lastKnownFileType = sourcecode.swift; path = AiSee/AiSeeSequencing.swift; sourceTree = "<group>"; };
		AAAA00000000000000000A12 /* AiSee/AiSeeTypes.swift */ = {isa = PBXFileReference; lastKnownFileType = sourcecode.swift; path = AiSee/AiSeeTypes.swift; sourceTree = "<group>"; };
		AAAA00000000000000000A20 /* RTKAIDeviceConnection.framework */ = {isa = PBXFileReference; lastKnownFileType = wrapper.framework; path = RTKAIDeviceConnection.framework; sourceTree = "<group>"; };
		AAAA00000000000000000A21 /* RTKAudioConnectSDK.framework */ = {isa = PBXFileReference; lastKnownFileType = wrapper.framework; path = RTKAudioConnectSDK.framework; sourceTree = "<group>"; };
		AAAA00000000000000000A22 /* RTKAudioStreaming.framework */ = {isa = PBXFileReference; lastKnownFileType = wrapper.framework; path = RTKAudioStreaming.framework; sourceTree = "<group>"; };
		AAAA00000000000000000A23 /* RTKLEFoundation.framework */ = {isa = PBXFileReference; lastKnownFileType = wrapper.framework; path = RTKLEFoundation.framework; sourceTree = "<group>"; };
		AAAA00000000000000000A24 /* OpenAIRealtimeAccess.framework */ = {isa = PBXFileReference; lastKnownFileType = wrapper.framework; path = OpenAIRealtimeAccess.framework; sourceTree = "<group>"; };
		AAAA00000000000000000A25 /* libavcodec.framework */ = {isa = PBXFileReference; lastKnownFileType = wrapper.framework; path = libavcodec.framework; sourceTree = "<group>"; };
		AAAA00000000000000000A26 /* libavformat.framework */ = {isa = PBXFileReference; lastKnownFileType = wrapper.framework; path = libavformat.framework; sourceTree = "<group>"; };
		AAAA00000000000000000A27 /* libavutil.framework */ = {isa = PBXFileReference; lastKnownFileType = wrapper.framework; path = libavutil.framework; sourceTree = "<group>"; };
		AAAA00000000000000000A28 /* libswresample.framework */ = {isa = PBXFileReference; lastKnownFileType = wrapper.framework; path = libswresample.framework; sourceTree = "<group>"; };
		AAAA00000000000000000A51 /* GlassesVendor.swift */ = {isa = PBXFileReference; lastKnownFileType = sourcecode.swift; path = GlassesVendor.swift; sourceTree = "<group>"; };
		AAAA00000000000000000A53 /* AiSee/AiSeeCameraSource.swift */ = {isa = PBXFileReference; lastKnownFileType = sourcecode.swift; path = AiSee/AiSeeCameraSource.swift; sourceTree = "<group>"; };
		AAAA00000000000000000A55 /* GlassesKeyMap.swift */ = {isa = PBXFileReference; lastKnownFileType = sourcecode.swift; path = GlassesKeyMap.swift; sourceTree = "<group>"; };
		AAAA00000000000000000A58 /* AiSee/AiSeeClipRecorder.swift */ = {isa = PBXFileReference; lastKnownFileType = sourcecode.swift; path = AiSee/AiSeeClipRecorder.swift; sourceTree = "<group>"; };
		AAAA00000000000000000A5A /* BuildCheck/BuildCheckJSON.swift */ = {isa = PBXFileReference; lastKnownFileType = sourcecode.swift; path = BuildCheck/BuildCheckJSON.swift; sourceTree = "<group>"; };
		AAAA00000000000000000A5C /* BuildCheck/Procedure.swift */ = {isa = PBXFileReference; lastKnownFileType = sourcecode.swift; path = BuildCheck/Procedure.swift; sourceTree = "<group>"; };
		AAAA00000000000000000A5E /* BuildCheck/ProcedureParser.swift */ = {isa = PBXFileReference; lastKnownFileType = sourcecode.swift; path = BuildCheck/ProcedureParser.swift; sourceTree = "<group>"; };
		AAAA00000000000000000A60 /* BuildCheck/BuildCheckPrompt.swift */ = {isa = PBXFileReference; lastKnownFileType = sourcecode.swift; path = BuildCheck/BuildCheckPrompt.swift; sourceTree = "<group>"; };
		AAAA00000000000000000A62 /* BuildCheck/AlertPolicy.swift */ = {isa = PBXFileReference; lastKnownFileType = sourcecode.swift; path = BuildCheck/AlertPolicy.swift; sourceTree = "<group>"; };
		AAAA00000000000000000A64 /* BuildCheck/ChangeGate.swift */ = {isa = PBXFileReference; lastKnownFileType = sourcecode.swift; path = BuildCheck/ChangeGate.swift; sourceTree = "<group>"; };
		AAAA00000000000000000A66 /* BuildCheck/BuildRunTracker.swift */ = {isa = PBXFileReference; lastKnownFileType = sourcecode.swift; path = BuildCheck/BuildRunTracker.swift; sourceTree = "<group>"; };
		AAAA00000000000000000A68 /* BuildCheck/BuildRun.swift */ = {isa = PBXFileReference; lastKnownFileType = sourcecode.swift; path = BuildCheck/BuildRun.swift; sourceTree = "<group>"; };
		AAAA00000000000000000A6A /* BuildCheck/ProcedureStore.swift */ = {isa = PBXFileReference; lastKnownFileType = sourcecode.swift; path = BuildCheck/ProcedureStore.swift; sourceTree = "<group>"; };
		AAAA00000000000000000A6C /* BuildCheck/BuildRunStore.swift */ = {isa = PBXFileReference; lastKnownFileType = sourcecode.swift; path = BuildCheck/BuildRunStore.swift; sourceTree = "<group>"; };
		AAAA00000000000000000A6E /* BuildCheck/ChimeTone.swift */ = {isa = PBXFileReference; lastKnownFileType = sourcecode.swift; path = BuildCheck/ChimeTone.swift; sourceTree = "<group>"; };
		AAAA00000000000000000A70 /* BuildCheck/BuildCheckVision.swift */ = {isa = PBXFileReference; lastKnownFileType = sourcecode.swift; path = BuildCheck/BuildCheckVision.swift; sourceTree = "<group>"; };
		AAAA00000000000000000A72 /* BuildCheck/BuildChecker.swift */ = {isa = PBXFileReference; lastKnownFileType = sourcecode.swift; path = BuildCheck/BuildChecker.swift; sourceTree = "<group>"; };
		AAAA00000000000000000A74 /* BuildCheck/ProcedureImporter.swift */ = {isa = PBXFileReference; lastKnownFileType = sourcecode.swift; path = BuildCheck/ProcedureImporter.swift; sourceTree = "<group>"; };
		AAAA00000000000000000A76 /* BuildCheck/BuildRunPDF.swift */ = {isa = PBXFileReference; lastKnownFileType = sourcecode.swift; path = BuildCheck/BuildRunPDF.swift; sourceTree = "<group>"; };
		AAAA00000000000000000E02 /* EmoDrink/PhysiologySnapshot.swift */ = {isa = PBXFileReference; lastKnownFileType = sourcecode.swift; path = EmoDrink/PhysiologySnapshot.swift; sourceTree = "<group>"; };
		AAAA00000000000000000E04 /* EmoDrink/DrinkCatalog.swift */ = {isa = PBXFileReference; lastKnownFileType = sourcecode.swift; path = EmoDrink/DrinkCatalog.swift; sourceTree = "<group>"; };
		AAAA00000000000000000E06 /* Resources/EmoDrink/asahi-drinks.json */ = {isa = PBXFileReference; lastKnownFileType = text.json; path = "Resources/EmoDrink/asahi-drinks.json"; sourceTree = "<group>"; };
		AAAA00000000000000000E08 /* EmoDrink/DrinkRecommender.swift */ = {isa = PBXFileReference; lastKnownFileType = sourcecode.swift; path = EmoDrink/DrinkRecommender.swift; sourceTree = "<group>"; };
		AAAA00000000000000000E0A /* EmoDrink/PhysiologySource.swift */ = {isa = PBXFileReference; lastKnownFileType = sourcecode.swift; path = EmoDrink/PhysiologySource.swift; sourceTree = "<group>"; };
		AAAA00000000000000000E0C /* EmoDrink/PhysiologyStore.swift */ = {isa = PBXFileReference; lastKnownFileType = sourcecode.swift; path = EmoDrink/PhysiologyStore.swift; sourceTree = "<group>"; };
		AAAA00000000000000000E0E /* EmoDrink/VendingMachineGate.swift */ = {isa = PBXFileReference; lastKnownFileType = sourcecode.swift; path = EmoDrink/VendingMachineGate.swift; sourceTree = "<group>"; };
		AAAA00000000000000000E10 /* EmoDrink/VendingMachineDetector.swift */ = {isa = PBXFileReference; lastKnownFileType = sourcecode.swift; path = EmoDrink/VendingMachineDetector.swift; sourceTree = "<group>"; };
		AAAA00000000000000000E12 /* EmoDrink/EmoDrinkPersona.swift */ = {isa = PBXFileReference; lastKnownFileType = sourcecode.swift; path = EmoDrink/EmoDrinkPersona.swift; sourceTree = "<group>"; };
		AAAA00000000000000000E14 /* EmoDrink/EmoDrinkCommands.swift */ = {isa = PBXFileReference; lastKnownFileType = sourcecode.swift; path = EmoDrink/EmoDrinkCommands.swift; sourceTree = "<group>"; };
		AAAA00000000000000000E1A /* BundledAIKey.swift */ = {isa = PBXFileReference; lastKnownFileType = sourcecode.swift; path = EmoDrink/BundledAIKey.swift; sourceTree = "<group>"; };
		AAAA00000000000000000E16 /* EmoDrinkViewModel.swift */ = {isa = PBXFileReference; lastKnownFileType = sourcecode.swift; path = EmoDrinkViewModel.swift; sourceTree = "<group>"; };
		AAAA00000000000000000E18 /* EmoDrinkView.swift */ = {isa = PBXFileReference; lastKnownFileType = sourcecode.swift; path = EmoDrinkView.swift; sourceTree = "<group>"; };
		AAAA0000000000000000888 /* People/FaceEmbedder.swift */ = {isa = PBXFileReference; lastKnownFileType = sourcecode.swift; path = People/FaceEmbedder.swift; sourceTree = "<group>"; };
		AAAA0000000000000000890 /* People/RosterImport.swift */ = {isa = PBXFileReference; lastKnownFileType = sourcecode.swift; path = People/RosterImport.swift; sourceTree = "<group>"; };
		AAAA0000000000000000894 /* People/FaceEmbedding.swift */ = {isa = PBXFileReference; lastKnownFileType = sourcecode.swift; path = People/FaceEmbedding.swift; sourceTree = "<group>"; };
		AAAA0000000000000000896 /* faceid.mlpackage */ = {isa = PBXFileReference; lastKnownFileType = folder.mlpackage; path = faceid.mlpackage; sourceTree = "<group>"; };
/* End PBXFileReference section */

/* Begin PBXFrameworksBuildPhase section */
		AAAA00000000000000000402 /* Frameworks */ = {
			isa = PBXFrameworksBuildPhase;
			buildActionMask = 2147483647;
			files = (
				AAAA00000000000000000801 /* MWDATCore in Frameworks */,
				AAAA00000000000000000802 /* MWDATCamera in Frameworks */,
				AAAA00000000000000000803 /* MWDATMockDevice in Frameworks */,
				AAAA00000000000000000804 /* MWDATDisplay in Frameworks */,
				AAAA00000000000000000A30 /* RTKAIDeviceConnection.framework in Frameworks */,
				AAAA00000000000000000A31 /* RTKAudioConnectSDK.framework in Frameworks */,
				AAAA00000000000000000A32 /* RTKAudioStreaming.framework in Frameworks */,
				AAAA00000000000000000A33 /* RTKLEFoundation.framework in Frameworks */,
				AAAA00000000000000000A34 /* OpenAIRealtimeAccess.framework in Frameworks */,
				AAAA00000000000000000A35 /* libavcodec.framework in Frameworks */,
				AAAA00000000000000000A36 /* libavformat.framework in Frameworks */,
				AAAA00000000000000000A37 /* libavutil.framework in Frameworks */,
				AAAA00000000000000000A38 /* libswresample.framework in Frameworks */,
			);
			runOnlyForDeploymentPostprocessing = 0;
		};
/* End PBXFrameworksBuildPhase section */

/* Begin PBXGroup section */
		06E379973076D805008995AB /* Recovered References */ = {
			isa = PBXGroup;
			children = (
				AAAA0000000000000000012A /* Config/Hermes.xcconfig */,
			);
			name = "Recovered References";
			sourceTree = "<group>";
		};
		AAAA0000000000000000000 = {
			isa = PBXGroup;
			children = (
				AAAA0000000000000000001 /* HermesGlasses */,
				AAAA00000000000000000A50 /* Vendor/RTK */,
				AAAA0000000000000000005 /* Products */,
				06E379973076D805008995AB /* Recovered References */,
			);
			sourceTree = "<group>";
		};
		AAAA0000000000000000001 /* HermesGlasses */ = {
			isa = PBXGroup;
			children = (
				AAAA00000000000000000101 /* HermesGlassesApp.swift */,
				AAAA0000000000000000002 /* Views */,
				AAAA0000000000000000003 /* ViewModels */,
				AAAA0000000000000000004 /* Services */,
				AAAA0000000000000000006 /* Models */,
				AAAA00000000000000000108 /* Assets.xcassets */,
				AAAA00000000000000000E06 /* Resources/EmoDrink/asahi-drinks.json */,
				AAAA00000000000000000109 /* Info.plist */,
				AAAA00000000000000000110 /* HermesGlasses.entitlements */,
			);
			path = HermesGlasses;
			sourceTree = "<group>";
		};
		AAAA0000000000000000002 /* Views */ = {
			isa = PBXGroup;
			children = (
				AAAA00000000000000000102 /* ContentView.swift */,
				AAAA00000000000000000103 /* RegistrationView.swift */,
				AAAA00000000000000000136 /* SettingsView.swift */,
				AAAA00000000000000000818 /* HermesDesign.swift */,
				AAAA00000000000000000830 /* OnboardingView.swift */,
				AAAA00000000000000000832 /* SimulatedLensView.swift */,
				AAAA00000000000000000834 /* PhoneModeSessionView.swift */,
				AAAA00000000000000000E18 /* EmoDrinkView.swift */,
			);
			path = Views;
			sourceTree = "<group>";
		};
		AAAA0000000000000000003 /* ViewModels */ = {
			isa = PBXGroup;
			children = (
				AAAA00000000000000000104 /* WearablesViewModel.swift */,
				AAAA00000000000000000105 /* HermesSessionViewModel.swift */,
				AAAA00000000000000000139 /* LensViewModel.swift */,
				AAAA00000000000000000E16 /* EmoDrinkViewModel.swift */,
			);
			path = ViewModels;
			sourceTree = "<group>";
		};
		AAAA0000000000000000004 /* Services */ = {
			isa = PBXGroup;
			children = (
				AAAA00000000000000000106 /* HermesAudioManager.swift */,
				AAAA00000000000000000107 /* HermesAPIClient.swift */,
				AAAA00000000000000000112 /* HermesCameraManager.swift */,
				AAAA00000000000000000113 /* HermesSpeechRecognizer.swift */,
				AAAA00000000000000000114 /* HermesSpeechSynthesizer.swift */,
				AAAA00000000000000000115 /* DirectClient.swift */,
				AAAA00000000000000000116 /* HermesDisplayLogic.swift */,
				AAAA00000000000000000117 /* HermesDisplayScreens.swift */,
				AAAA00000000000000000118 /* HermesDisplayManager.swift */,
				AAAA00000000000000000119 /* DeviceContextFormatter.swift */,
				AAAA00000000000000000120 /* DeviceContextProvider.swift */,
				AAAA00000000000000000121 /* Providers/AIProvider.swift */,
				AAAA00000000000000000122 /* Providers/AnthropicProvider.swift */,
				AAAA00000000000000000123 /* Providers/OpenAICompatibleProvider.swift */,
				AAAA00000000000000000124 /* Providers/GeminiProvider.swift */,
				AAAA00000000000000000125 /* Navigation/NavigationTypes.swift */,
				AAAA00000000000000000126 /* Navigation/IntentDetector.swift */,
				AAAA00000000000000000127 /* Navigation/PolylineEncoder.swift */,
				AAAA00000000000000000128 /* Navigation/MapboxStaticMap.swift */,
				AAAA00000000000000000129 /* Navigation/WikipediaImageClient.swift */,
				AAAA00000000000000000130 /* Navigation/MapCredentials.swift */,
				AAAA00000000000000000131 /* Navigation/NavigationController.swift */,
				AAAA00000000000000000132 /* Social/Encounter.swift */,
				AAAA00000000000000000847 /* Social/EncounterEvent.swift */,
				AAAA00000000000000000849 /* Social/BadgeParser.swift */,
				AAAA00000000000000000851 /* Social/EncounterTimeline.swift */,
				AAAA00000000000000000853 /* Social/BadgeReader.swift */,
				AAAA00000000000000000859 /* Social/TranscriptionService.swift */,
				AAAA00000000000000000857 /* Social/ConversationRecorder.swift */,
				AAAA00000000000000000855 /* Social/BadgeRegion.swift */,
				AAAA00000000000000000861 /* Social/BadgeCrop.swift */,
				AAAA00000000000000000863 /* Social/BarcodeReader.swift */,
				AAAA00000000000000000865 /* Social/BadgeDetector.swift */,
				AAAA00000000000000000867 /* Social/BadgePortrait.swift */,
				AAAA00000000000000000133 /* Social/EncounterStore.swift */,
				AAAA00000000000000000142 /* Social/ConversationCapture.swift */,
				AAAA00000000000000000135 /* VoiceCommandCatalog.swift */,
				AAAA00000000000000000822 /* LensContent.swift */,
				AAAA00000000000000000842 /* ChoiceDetector.swift */,
				AAAA00000000000000000870 /* PersonLookupGate.swift */,
				AAAA00000000000000000878 /* People/RosterPerson.swift */,
				AAAA00000000000000000880 /* People/RosterImporter.swift */,
				AAAA00000000000000000882 /* People/RosterStore.swift */,
				AAAA00000000000000000884 /* People/FaceMatcher.swift */,
				AAAA00000000000000000886 /* People/FaceAlignment.swift */,
				AAAA0000000000000000888 /* People/FaceEmbedder.swift */,
				AAAA0000000000000000894 /* People/FaceEmbedding.swift */,
				AAAA0000000000000000890 /* People/RosterImport.swift */,
				AAAA00000000000000000824 /* VisionSource.swift */,
				AAAA00000000000000000836 /* VisionRouting.swift */,
				AAAA00000000000000000838 /* Navigation/Bearing.swift */,
				AAAA00000000000000000840 /* Navigation/PlaceSearch.swift */,
				AAAA00000000000000000826 /* PhoneCameraManager.swift */,
				AAAA00000000000000000828 /* PermissionsCoordinator.swift */,
				AAAA00000000000000000137 /* Lens/DwellTracker.swift */,
				AAAA00000000000000000138 /* Lens/ObjectDetector.swift */,
				AAAA00000000000000000812 /* Lens/LensPDFRenderer.swift */,
				AAAA00000000000000000806 /* Lens/LensLogAggregator.swift */,
				AAAA00000000000000000808 /* Lens/LensSession.swift */,
				AAAA00000000000000000810 /* Lens/LensSessionStore.swift */,
				AAAA00000000000000000A53 /* AiSee/AiSeeCameraSource.swift */,
				AAAA00000000000000000A0A /* AiSee/AiSeeConnectionService.swift */,
				AAAA00000000000000000A0B /* AiSee/AiSeeDeviceCoordinator.swift */,
				AAAA00000000000000000A0C /* AiSee/AiSeeH264Decoder.swift */,
				AAAA00000000000000000A0D /* AiSee/AiSeeLiveStream.swift */,
				AAAA00000000000000000A0E /* AiSee/AiSeeMicrophone.swift */,
				AAAA00000000000000000A0F /* AiSee/AiSeePCMAdapter.swift */,
				AAAA00000000000000000A10 /* AiSee/AiSeePhotoCapture.swift */,
				AAAA00000000000000000A11 /* AiSee/AiSeeSequencing.swift */,
				AAAA00000000000000000A12 /* AiSee/AiSeeTypes.swift */,
				AAAA00000000000000000A58 /* AiSee/AiSeeClipRecorder.swift */,
				AAAA00000000000000000A76 /* BuildCheck/BuildRunPDF.swift */,
				AAAA00000000000000000A74 /* BuildCheck/ProcedureImporter.swift */,
				AAAA00000000000000000A72 /* BuildCheck/BuildChecker.swift */,
				AAAA00000000000000000A70 /* BuildCheck/BuildCheckVision.swift */,
				AAAA00000000000000000A6E /* BuildCheck/ChimeTone.swift */,
				AAAA00000000000000000A6C /* BuildCheck/BuildRunStore.swift */,
				AAAA00000000000000000A6A /* BuildCheck/ProcedureStore.swift */,
				AAAA00000000000000000A68 /* BuildCheck/BuildRun.swift */,
				AAAA00000000000000000A66 /* BuildCheck/BuildRunTracker.swift */,
				AAAA00000000000000000A64 /* BuildCheck/ChangeGate.swift */,
				AAAA00000000000000000A62 /* BuildCheck/AlertPolicy.swift */,
				AAAA00000000000000000A60 /* BuildCheck/BuildCheckPrompt.swift */,
				AAAA00000000000000000A5E /* BuildCheck/ProcedureParser.swift */,
				AAAA00000000000000000A5C /* BuildCheck/Procedure.swift */,
				AAAA00000000000000000A5A /* BuildCheck/BuildCheckJSON.swift */,
				AAAA00000000000000000A51 /* GlassesVendor.swift */,
				AAAA00000000000000000A55 /* GlassesKeyMap.swift */,
				AAAA00000000000000000E02 /* EmoDrink/PhysiologySnapshot.swift */,
				AAAA00000000000000000E04 /* EmoDrink/DrinkCatalog.swift */,
				AAAA00000000000000000E08 /* EmoDrink/DrinkRecommender.swift */,
				AAAA00000000000000000E0A /* EmoDrink/PhysiologySource.swift */,
				AAAA00000000000000000E0C /* EmoDrink/PhysiologyStore.swift */,
				AAAA00000000000000000E0E /* EmoDrink/VendingMachineGate.swift */,
				AAAA00000000000000000E10 /* EmoDrink/VendingMachineDetector.swift */,
				AAAA00000000000000000E12 /* EmoDrink/EmoDrinkPersona.swift */,
				AAAA00000000000000000E14 /* EmoDrink/EmoDrinkCommands.swift */,
				AAAA00000000000000000E1A /* BundledAIKey.swift */,
			);
			path = Services;
			sourceTree = "<group>";
		};
		AAAA0000000000000000005 /* Products */ = {
			isa = PBXGroup;
			children = (
				AAAA00000000000000000111 /* EmoDrink Glasses.app */,
			);
			name = Products;
			sourceTree = "<group>";
		};
		AAAA0000000000000000006 /* Models */ = {
			isa = PBXGroup;
			children = (
				AAAA00000000000000000141 /* yolo11n.mlpackage */,
				AAAA0000000000000000896 /* faceid.mlpackage */,
			);
			path = Models;
			sourceTree = "<group>";
		};
		AAAA00000000000000000A50 /* Vendor/RTK */ = {
			isa = PBXGroup;
			children = (
				AAAA00000000000000000A20 /* RTKAIDeviceConnection.framework */,
				AAAA00000000000000000A21 /* RTKAudioConnectSDK.framework */,
				AAAA00000000000000000A22 /* RTKAudioStreaming.framework */,
				AAAA00000000000000000A23 /* RTKLEFoundation.framework */,
				AAAA00000000000000000A24 /* OpenAIRealtimeAccess.framework */,
				AAAA00000000000000000A25 /* libavcodec.framework */,
				AAAA00000000000000000A26 /* libavformat.framework */,
				AAAA00000000000000000A27 /* libavutil.framework */,
				AAAA00000000000000000A28 /* libswresample.framework */,
			);
			path = Vendor/RTK;
			sourceTree = "<group>";
		};
/* End PBXGroup section */

/* Begin PBXNativeTarget section */
		AAAA00000000000000000301 /* HermesGlasses */ = {
			isa = PBXNativeTarget;
			buildConfigurationList = AAAA00000000000000000501 /* Build configuration list for PBXNativeTarget "HermesGlasses" */;
			buildPhases = (
				AAAA00000000000000000401 /* Sources */,
				AAAA00000000000000000402 /* Frameworks */,
				AAAA00000000000000000A49 /* Embed Frameworks */,
				AAAA00000000000000000403 /* Resources */,
			);
			buildRules = (
			);
			dependencies = (
			);
			name = HermesGlasses;
			packageProductDependencies = (
				AAAA00000000000000000701 /* MWDATCore */,
				AAAA00000000000000000702 /* MWDATCamera */,
				AAAA00000000000000000703 /* MWDATMockDevice */,
				AAAA00000000000000000704 /* MWDATDisplay */,
			);
			productName = HermesGlasses;
			productReference = AAAA00000000000000000111 /* EmoDrink Glasses.app */;
			productType = "com.apple.product-type.application";
		};
/* End PBXNativeTarget section */

/* Begin PBXProject section */
		AAAA00000000000000000F00 /* Project object */ = {
			isa = PBXProject;
			attributes = {
				BuildIndependentTargetsInParallel = 1;
				LastSwiftUpdateCheck = 1600;
				LastUpgradeCheck = 2660;
				TargetAttributes = {
					AAAA00000000000000000301 = {
						CreatedOnToolsVersion = 16.0;
					};
				};
			};
			buildConfigurationList = AAAA00000000000000000506 /* Build configuration list for PBXProject "HermesGlasses" */;
			compatibilityVersion = "Xcode 15.0";
			developmentRegion = en;
			hasScannedForEncodings = 0;
			knownRegions = (
				en,
				Base,
			);
			mainGroup = AAAA0000000000000000000;
			packageReferences = (
				AAAA00000000000000000601 /* XCRemoteSwiftPackageReference "meta-wearables-dat-ios" */,
			);
			productRefGroup = AAAA0000000000000000005 /* Products */;
			projectDirPath = "";
			projectRoot = "";
			targets = (
				AAAA00000000000000000301 /* HermesGlasses */,
			);
		};
/* End PBXProject section */

/* Begin PBXResourcesBuildPhase section */
		AAAA00000000000000000403 /* Resources */ = {
			isa = PBXResourcesBuildPhase;
			buildActionMask = 2147483647;
			files = (
				AAAA00000000000000000008 /* Assets.xcassets in Resources */,
				AAAA00000000000000000E05 /* Resources/EmoDrink/asahi-drinks.json in Resources */,
			);
			runOnlyForDeploymentPostprocessing = 0;
		};
/* End PBXResourcesBuildPhase section */

/* Begin PBXSourcesBuildPhase section */
		AAAA00000000000000000401 /* Sources */ = {
			isa = PBXSourcesBuildPhase;
			buildActionMask = 2147483647;
			files = (
				AAAA00000000000000000001 /* HermesGlassesApp.swift in Sources */,
				AAAA00000000000000000002 /* ContentView.swift in Sources */,
				AAAA00000000000000000003 /* RegistrationView.swift in Sources */,
				AAAA00000000000000000004 /* WearablesViewModel.swift in Sources */,
				AAAA00000000000000000005 /* HermesSessionViewModel.swift in Sources */,
				AAAA00000000000000000006 /* HermesAudioManager.swift in Sources */,
				AAAA00000000000000000007 /* HermesAPIClient.swift in Sources */,
				AAAA00000000000000000009 /* HermesCameraManager.swift in Sources */,
				AAAA00000000000000000010 /* HermesSpeechRecognizer.swift in Sources */,
				AAAA00000000000000000011 /* HermesSpeechSynthesizer.swift in Sources */,
				AAAA00000000000000000012 /* DirectClient.swift in Sources */,
				AAAA00000000000000000013 /* HermesDisplayLogic.swift in Sources */,
				AAAA00000000000000000014 /* HermesDisplayScreens.swift in Sources */,
				AAAA00000000000000000015 /* HermesDisplayManager.swift in Sources */,
				AAAA00000000000000000016 /* DeviceContextFormatter.swift in Sources */,
				AAAA00000000000000000017 /* DeviceContextProvider.swift in Sources */,
				AAAA00000000000000000018 /* Providers/AIProvider.swift in Sources */,
				AAAA00000000000000000019 /* Providers/AnthropicProvider.swift in Sources */,
				AAAA00000000000000000020 /* Providers/OpenAICompatibleProvider.swift in Sources */,
				AAAA00000000000000000021 /* Providers/GeminiProvider.swift in Sources */,
				AAAA00000000000000000022 /* Navigation/NavigationTypes.swift in Sources */,
				AAAA00000000000000000023 /* Navigation/IntentDetector.swift in Sources */,
				AAAA00000000000000000024 /* Navigation/PolylineEncoder.swift in Sources */,
				AAAA00000000000000000025 /* Navigation/MapboxStaticMap.swift in Sources */,
				AAAA00000000000000000026 /* Navigation/WikipediaImageClient.swift in Sources */,
				AAAA00000000000000000027 /* Navigation/MapCredentials.swift in Sources */,
				AAAA00000000000000000028 /* Navigation/NavigationController.swift in Sources */,
				AAAA00000000000000000029 /* Social/Encounter.swift in Sources */,
				AAAA00000000000000000848 /* Social/EncounterEvent.swift in Sources */,
				AAAA00000000000000000850 /* Social/BadgeParser.swift in Sources */,
				AAAA00000000000000000852 /* Social/EncounterTimeline.swift in Sources */,
				AAAA00000000000000000854 /* Social/BadgeReader.swift in Sources */,
				AAAA00000000000000000860 /* Social/TranscriptionService.swift in Sources */,
				AAAA00000000000000000858 /* Social/ConversationRecorder.swift in Sources */,
				AAAA00000000000000000856 /* Social/BadgeRegion.swift in Sources */,
				AAAA00000000000000000862 /* Social/BadgeCrop.swift in Sources */,
				AAAA00000000000000000864 /* Social/BarcodeReader.swift in Sources */,
				AAAA00000000000000000866 /* Social/BadgeDetector.swift in Sources */,
				AAAA00000000000000000868 /* Social/BadgePortrait.swift in Sources */,
				AAAA00000000000000000030 /* Social/EncounterStore.swift in Sources */,
				AAAA00000000000000000039 /* Social/ConversationCapture.swift in Sources */,
				AAAA00000000000000000032 /* VoiceCommandCatalog.swift in Sources */,
				AAAA00000000000000000821 /* LensContent.swift in Sources */,
				AAAA00000000000000000841 /* ChoiceDetector.swift in Sources */,
				AAAA00000000000000000869 /* PersonLookupGate.swift in Sources */,
				AAAA00000000000000000877 /* People/RosterPerson.swift in Sources */,
				AAAA00000000000000000879 /* People/RosterImporter.swift in Sources */,
				AAAA00000000000000000881 /* People/RosterStore.swift in Sources */,
				AAAA00000000000000000883 /* People/FaceMatcher.swift in Sources */,
				AAAA00000000000000000885 /* People/FaceAlignment.swift in Sources */,
				AAAA0000000000000000887 /* People/FaceEmbedder.swift in Sources */,
				AAAA0000000000000000893 /* People/FaceEmbedding.swift in Sources */,
				AAAA0000000000000000889 /* People/RosterImport.swift in Sources */,
				AAAA00000000000000000E15 /* EmoDrinkViewModel.swift in Sources */,
				AAAA00000000000000000E17 /* EmoDrinkView.swift in Sources */,
				AAAA00000000000000000823 /* VisionSource.swift in Sources */,
				AAAA00000000000000000835 /* VisionRouting.swift in Sources */,
				AAAA00000000000000000837 /* Navigation/Bearing.swift in Sources */,
				AAAA00000000000000000839 /* Navigation/PlaceSearch.swift in Sources */,
				AAAA00000000000000000825 /* PhoneCameraManager.swift in Sources */,
				AAAA00000000000000000827 /* PermissionsCoordinator.swift in Sources */,
				AAAA00000000000000000829 /* OnboardingView.swift in Sources */,
				AAAA00000000000000000831 /* SimulatedLensView.swift in Sources */,
				AAAA00000000000000000833 /* PhoneModeSessionView.swift in Sources */,
				AAAA00000000000000000033 /* SettingsView.swift in Sources */,
				AAAA00000000000000000034 /* Lens/DwellTracker.swift in Sources */,
				AAAA00000000000000000038 /* yolo11n.mlpackage in Sources */,
				AAAA0000000000000000895 /* faceid.mlpackage in Sources */,
				AAAA00000000000000000035 /* Lens/ObjectDetector.swift in Sources */,
				AAAA00000000000000000036 /* LensViewModel.swift in Sources */,
				AAAA00000000000000000805 /* Lens/LensLogAggregator.swift in Sources */,
				AAAA00000000000000000807 /* Lens/LensSession.swift in Sources */,
				AAAA00000000000000000809 /* Lens/LensSessionStore.swift in Sources */,
				AAAA00000000000000000811 /* Lens/LensPDFRenderer.swift in Sources */,
				AAAA00000000000000000817 /* HermesDesign.swift in Sources */,
				AAAA00000000000000000A54 /* AiSee/AiSeeCameraSource.swift in Sources */,
				AAAA00000000000000000A01 /* AiSee/AiSeeConnectionService.swift in Sources */,
				AAAA00000000000000000A02 /* AiSee/AiSeeDeviceCoordinator.swift in Sources */,
				AAAA00000000000000000A03 /* AiSee/AiSeeH264Decoder.swift in Sources */,
				AAAA00000000000000000A04 /* AiSee/AiSeeLiveStream.swift in Sources */,
				AAAA00000000000000000A05 /* AiSee/AiSeeMicrophone.swift in Sources */,
				AAAA00000000000000000A06 /* AiSee/AiSeePCMAdapter.swift in Sources */,
				AAAA00000000000000000A07 /* AiSee/AiSeePhotoCapture.swift in Sources */,
				AAAA00000000000000000A08 /* AiSee/AiSeeSequencing.swift in Sources */,
				AAAA00000000000000000A09 /* AiSee/AiSeeTypes.swift in Sources */,
				AAAA00000000000000000A57 /* AiSee/AiSeeClipRecorder.swift in Sources */,
				AAAA00000000000000000A75 /* BuildCheck/BuildRunPDF.swift in Sources */,
				AAAA00000000000000000A73 /* BuildCheck/ProcedureImporter.swift in Sources */,
				AAAA00000000000000000A71 /* BuildCheck/BuildChecker.swift in Sources */,
				AAAA00000000000000000A6F /* BuildCheck/BuildCheckVision.swift in Sources */,
				AAAA00000000000000000A6D /* BuildCheck/ChimeTone.swift in Sources */,
				AAAA00000000000000000A6B /* BuildCheck/BuildRunStore.swift in Sources */,
				AAAA00000000000000000A69 /* BuildCheck/ProcedureStore.swift in Sources */,
				AAAA00000000000000000A67 /* BuildCheck/BuildRun.swift in Sources */,
				AAAA00000000000000000A65 /* BuildCheck/BuildRunTracker.swift in Sources */,
				AAAA00000000000000000A63 /* BuildCheck/ChangeGate.swift in Sources */,
				AAAA00000000000000000A61 /* BuildCheck/AlertPolicy.swift in Sources */,
				AAAA00000000000000000A5F /* BuildCheck/BuildCheckPrompt.swift in Sources */,
				AAAA00000000000000000A5D /* BuildCheck/ProcedureParser.swift in Sources */,
				AAAA00000000000000000A5B /* BuildCheck/Procedure.swift in Sources */,
				AAAA00000000000000000A59 /* BuildCheck/BuildCheckJSON.swift in Sources */,
				AAAA00000000000000000A52 /* GlassesVendor.swift in Sources */,
				AAAA00000000000000000A56 /* GlassesKeyMap.swift in Sources */,
				AAAA00000000000000000E01 /* EmoDrink/PhysiologySnapshot.swift in Sources */,
				AAAA00000000000000000E03 /* EmoDrink/DrinkCatalog.swift in Sources */,
				AAAA00000000000000000E07 /* EmoDrink/DrinkRecommender.swift in Sources */,
				AAAA00000000000000000E09 /* EmoDrink/PhysiologySource.swift in Sources */,
				AAAA00000000000000000E0B /* EmoDrink/PhysiologyStore.swift in Sources */,
				AAAA00000000000000000E0D /* EmoDrink/VendingMachineGate.swift in Sources */,
				AAAA00000000000000000E0F /* EmoDrink/VendingMachineDetector.swift in Sources */,
				AAAA00000000000000000E11 /* EmoDrink/EmoDrinkPersona.swift in Sources */,
				AAAA00000000000000000E13 /* EmoDrink/EmoDrinkCommands.swift in Sources */,
				AAAA00000000000000000E19 /* BundledAIKey.swift in Sources */,
			);
			runOnlyForDeploymentPostprocessing = 0;
		};
/* End PBXSourcesBuildPhase section */

/* Begin XCBuildConfiguration section */
		AAAA00000000000000000502 /* Debug */ = {
			isa = XCBuildConfiguration;
			baseConfigurationReference = AAAA0000000000000000012A /* Config/Hermes.xcconfig */;
			buildSettings = {
				ASSETCATALOG_COMPILER_APPICON_NAME = AppIcon;
				ASSETCATALOG_COMPILER_GENERATE_SWIFT_ASSET_SYMBOL_EXTENSIONS = YES;
				CODE_SIGN_ENTITLEMENTS = HermesGlasses/HermesGlasses.entitlements;
				CODE_SIGN_STYLE = Automatic;
				CURRENT_PROJECT_VERSION = 1;
				ENABLE_PREVIEWS = YES;
				"EXCLUDED_SOURCE_FILE_NAMES[sdk=iphonesimulator*]" = (
					RTKAIDeviceConnection.framework,
					RTKAudioConnectSDK.framework,
					RTKAudioStreaming.framework,
					RTKLEFoundation.framework,
					OpenAIRealtimeAccess.framework,
					libavcodec.framework,
					libavformat.framework,
					libavutil.framework,
					libswresample.framework,
				);
				"FRAMEWORK_SEARCH_PATHS[sdk=iphoneos*]" = (
					"$(inherited)",
					"$(SRCROOT)/Vendor/RTK",
				);
				GENERATE_INFOPLIST_FILE = YES;
				INFOPLIST_FILE = HermesGlasses/Info.plist;
				INFOPLIST_KEY_CFBundleDisplayName = EmoDrink;
				INFOPLIST_KEY_NSBluetoothAlwaysUsageDescription = "EmoDrink connects to your Meta Ray-Ban Display glasses.";
				INFOPLIST_KEY_NSCameraUsageDescription = "EmoDrink uses the camera to see the vending machine in front of you.";
				INFOPLIST_KEY_NSLocalNetworkUsageDescription = "EmoDrink talks to your Meta Ray-Ban Display glasses on the local network.";
				INFOPLIST_KEY_NSLocationWhenInUseUsageDescription = "EmoDrink uses your approximate location so the assistant knows where you are and what the weather is like.";
				INFOPLIST_KEY_NSMicrophoneUsageDescription = "EmoDrink listens for what you say so it can pick a drink and answer you.";
				INFOPLIST_KEY_NSMotionUsageDescription = "EmoDrink tells the assistant whether you are walking or still, so its answers fit what you are doing.";
				INFOPLIST_KEY_NSPhotoLibraryAddUsageDescription = "EmoDrink saves photos you ask it to keep.";
				INFOPLIST_KEY_NSSpeechRecognitionUsageDescription = "EmoDrink turns your speech into text on this phone.";
				INFOPLIST_KEY_UIApplicationSupportsIndirectInputEvents = YES;
				INFOPLIST_KEY_UILaunchScreen_Generation = YES;
				INFOPLIST_KEY_UILaunchStoryboardName = LaunchScreen;
				INFOPLIST_KEY_UISupportedInterfaceOrientations = UIInterfaceOrientationPortrait;
				INFOPLIST_KEY_UISupportedInterfaceOrientations_iPad = "UIInterfaceOrientationPortrait UIInterfaceOrientationPortraitUpsideDown UIInterfaceOrientationLandscapeLeft UIInterfaceOrientationLandscapeRight";
				LD_RUNPATH_SEARCH_PATHS = (
					"$(inherited)",
					"@executable_path/Frameworks",
				);
				MARKETING_VERSION = 0.4;
				PRODUCT_BUNDLE_IDENTIFIER = com.flowsxr.hermesglasses;
				PRODUCT_NAME = "EmoDrink Glasses";
				SWIFT_EMIT_LOC_STRINGS = YES;
				"SWIFT_INCLUDE_PATHS[sdk=iphoneos*]" = "$(inherited) $(SRCROOT)/Vendor/RTK";
				SWIFT_VERSION = 5.0;
				TARGETED_DEVICE_FAMILY = 1;
			};
			name = Debug;
		};
		AAAA00000000000000000503 /* Release */ = {
			isa = XCBuildConfiguration;
			baseConfigurationReference = AAAA0000000000000000012A /* Config/Hermes.xcconfig */;
			buildSettings = {
				ASSETCATALOG_COMPILER_APPICON_NAME = AppIcon;
				ASSETCATALOG_COMPILER_GENERATE_SWIFT_ASSET_SYMBOL_EXTENSIONS = YES;
				CODE_SIGN_ENTITLEMENTS = HermesGlasses/HermesGlasses.entitlements;
				CODE_SIGN_STYLE = Automatic;
				CURRENT_PROJECT_VERSION = 1;
				ENABLE_PREVIEWS = YES;
				"EXCLUDED_SOURCE_FILE_NAMES[sdk=iphonesimulator*]" = (
					RTKAIDeviceConnection.framework,
					RTKAudioConnectSDK.framework,
					RTKAudioStreaming.framework,
					RTKLEFoundation.framework,
					OpenAIRealtimeAccess.framework,
					libavcodec.framework,
					libavformat.framework,
					libavutil.framework,
					libswresample.framework,
				);
				"FRAMEWORK_SEARCH_PATHS[sdk=iphoneos*]" = (
					"$(inherited)",
					"$(SRCROOT)/Vendor/RTK",
				);
				GENERATE_INFOPLIST_FILE = YES;
				INFOPLIST_FILE = HermesGlasses/Info.plist;
				INFOPLIST_KEY_CFBundleDisplayName = EmoDrink;
				INFOPLIST_KEY_NSBluetoothAlwaysUsageDescription = "EmoDrink connects to your Meta Ray-Ban Display glasses.";
				INFOPLIST_KEY_NSCameraUsageDescription = "EmoDrink uses the camera to see the vending machine in front of you.";
				INFOPLIST_KEY_NSLocalNetworkUsageDescription = "EmoDrink talks to your Meta Ray-Ban Display glasses on the local network.";
				INFOPLIST_KEY_NSLocationWhenInUseUsageDescription = "EmoDrink uses your approximate location so the assistant knows where you are and what the weather is like.";
				INFOPLIST_KEY_NSMicrophoneUsageDescription = "EmoDrink listens for what you say so it can pick a drink and answer you.";
				INFOPLIST_KEY_NSMotionUsageDescription = "EmoDrink tells the assistant whether you are walking or still, so its answers fit what you are doing.";
				INFOPLIST_KEY_NSPhotoLibraryAddUsageDescription = "EmoDrink saves photos you ask it to keep.";
				INFOPLIST_KEY_NSSpeechRecognitionUsageDescription = "EmoDrink turns your speech into text on this phone.";
				INFOPLIST_KEY_UIApplicationSupportsIndirectInputEvents = YES;
				INFOPLIST_KEY_UILaunchScreen_Generation = YES;
				INFOPLIST_KEY_UILaunchStoryboardName = LaunchScreen;
				INFOPLIST_KEY_UISupportedInterfaceOrientations = UIInterfaceOrientationPortrait;
				INFOPLIST_KEY_UISupportedInterfaceOrientations_iPad = "UIInterfaceOrientationPortrait UIInterfaceOrientationPortraitUpsideDown UIInterfaceOrientationLandscapeLeft UIInterfaceOrientationLandscapeRight";
				LD_RUNPATH_SEARCH_PATHS = (
					"$(inherited)",
					"@executable_path/Frameworks",
				);
				MARKETING_VERSION = 0.4;
				PRODUCT_BUNDLE_IDENTIFIER = com.flowsxr.hermesglasses;
				PRODUCT_NAME = "EmoDrink Glasses";
				SWIFT_COMPILATION_MODE = wholemodule;
				SWIFT_EMIT_LOC_STRINGS = YES;
				"SWIFT_INCLUDE_PATHS[sdk=iphoneos*]" = "$(inherited) $(SRCROOT)/Vendor/RTK";
				SWIFT_OPTIMIZATION_LEVEL = "-O";
				SWIFT_VERSION = 5.0;
				TARGETED_DEVICE_FAMILY = 1;
			};
			name = Release;
		};
		AAAA00000000000000000504 /* Debug */ = {
			isa = XCBuildConfiguration;
			buildSettings = {
				ALWAYS_SEARCH_USER_PATHS = NO;
				CLANG_ANALYZER_NONNULL = YES;
				CLANG_ANALYZER_NUMBER_OBJECT_CONVERSION = YES_AGGRESSIVE;
				CLANG_CXX_LANGUAGE_STANDARD = "gnu++14";
				CLANG_CXX_LIBRARY = "libc++";
				CLANG_ENABLE_MODULES = YES;
				CLANG_ENABLE_OBJC_ARC = YES;
				CLANG_ENABLE_OBJC_WEAK = YES;
				CLANG_WARN_BLOCK_CAPTURE_AUTORELEASING = YES;
				CLANG_WARN_BOOL_CONVERSION = YES;
				CLANG_WARN_COMMA = YES;
				CLANG_WARN_CONSTANT_CONVERSION = YES;
				CLANG_WARN_DEPRECATED_OBJC_IMPLEMENTATIONS = YES;
				CLANG_WARN_DIRECT_OBJC_ISA_USAGE = YES_ERROR;
				CLANG_WARN_DOCUMENTATION_COMMENTS = YES;
				CLANG_WARN_EMPTY_BODY = YES;
				CLANG_WARN_ENUM_CONVERSION = YES;
				CLANG_WARN_INFINITE_RECURSION = YES;
				CLANG_WARN_INT_CONVERSION = YES;
				CLANG_WARN_NON_LITERAL_NULL_CONVERSION = YES;
				CLANG_WARN_OBJC_IMPLICIT_RETAIN_SELF = YES;
				CLANG_WARN_OBJC_LITERAL_CONVERSION = YES;
				CLANG_WARN_OBJC_ROOT_CLASS = YES_ERROR;
				CLANG_WARN_QUOTED_INCLUDE_IN_FRAMEWORK_HEADER = YES;
				CLANG_WARN_RANGE_LOOP_ANALYSIS = YES;
				CLANG_WARN_STRICT_PROTOTYPES = YES;
				CLANG_WARN_SUSPICIOUS_MOVE = YES;
				CLANG_WARN_UNGUARDED_AVAILABILITY = YES_AGGRESSIVE;
				CLANG_WARN_UNREACHABLE_CODE = YES;
				CLANG_WARN__DUPLICATE_METHOD_MATCH = YES;
				COPY_PHASE_STRIP = NO;
				DEBUG_INFORMATION_FORMAT = dwarf;
				DEVELOPMENT_TEAM = 3U4384584Z;
				ENABLE_STRICT_OBJC_MSGSEND = YES;
				ENABLE_TESTABILITY = YES;
				ENABLE_USER_SCRIPT_SANDBOXING = YES;
				GCC_C_LANGUAGE_STANDARD = gnu11;
				GCC_DYNAMIC_NO_PIC = NO;
				GCC_NO_COMMON_BLOCKS = YES;
				GCC_OPTIMIZATION_LEVEL = 0;
				GCC_PREPROCESSOR_DEFINITIONS = (
					"DEBUG=1",
					"$(inherited)",
				);
				GCC_WARN_64_TO_32_BIT_CONVERSION = YES;
				GCC_WARN_ABOUT_RETURN_TYPE = YES_ERROR;
				GCC_WARN_UNDECLARED_SELECTOR = YES;
				GCC_WARN_UNINITIALIZED_AUTOS = YES_AGGRESSIVE;
				GCC_WARN_UNUSED_FUNCTION = YES;
				GCC_WARN_UNUSED_VARIABLE = YES;
				IPHONEOS_DEPLOYMENT_TARGET = 17.0;
				MTL_ENABLE_DEBUG_INFO = INCLUDE_SOURCE;
				MTL_FAST_MATH = YES;
				ONLY_ACTIVE_ARCH = YES;
				SDKROOT = iphoneos;
				STRING_CATALOG_GENERATE_SYMBOLS = YES;
				SUPPORTED_PLATFORMS = "iphoneos iphonesimulator";
				SWIFT_ACTIVE_COMPILATION_CONDITIONS = DEBUG;
				SWIFT_OPTIMIZATION_LEVEL = "-Onone";
			};
			name = Debug;
		};
		AAAA00000000000000000505 /* Release */ = {
			isa = XCBuildConfiguration;
			buildSettings = {
				ALWAYS_SEARCH_USER_PATHS = NO;
				CLANG_ANALYZER_NONNULL = YES;
				CLANG_ANALYZER_NUMBER_OBJECT_CONVERSION = YES_AGGRESSIVE;
				CLANG_CXX_LANGUAGE_STANDARD = "gnu++14";
				CLANG_CXX_LIBRARY = "libc++";
				CLANG_ENABLE_MODULES = YES;
				CLANG_ENABLE_OBJC_ARC = YES;
				CLANG_ENABLE_OBJC_WEAK = YES;
				CLANG_WARN_BLOCK_CAPTURE_AUTORELEASING = YES;
				CLANG_WARN_BOOL_CONVERSION = YES;
				CLANG_WARN_COMMA = YES;
				CLANG_WARN_CONSTANT_CONVERSION = YES;
				CLANG_WARN_DEPRECATED_OBJC_IMPLEMENTATIONS = YES;
				CLANG_WARN_DIRECT_OBJC_ISA_USAGE = YES_ERROR;
				CLANG_WARN_DOCUMENTATION_COMMENTS = YES;
				CLANG_WARN_EMPTY_BODY = YES;
				CLANG_WARN_ENUM_CONVERSION = YES;
				CLANG_WARN_INFINITE_RECURSION = YES;
				CLANG_WARN_INT_CONVERSION = YES;
				CLANG_WARN_NON_LITERAL_NULL_CONVERSION = YES;
				CLANG_WARN_OBJC_IMPLICIT_RETAIN_SELF = YES;
				CLANG_WARN_OBJC_LITERAL_CONVERSION = YES;
				CLANG_WARN_OBJC_ROOT_CLASS = YES_ERROR;
				CLANG_WARN_QUOTED_INCLUDE_IN_FRAMEWORK_HEADER = YES;
				CLANG_WARN_RANGE_LOOP_ANALYSIS = YES;
				CLANG_WARN_STRICT_PROTOTYPES = YES;
				CLANG_WARN_SUSPICIOUS_MOVE = YES;
				CLANG_WARN_UNGUARDED_AVAILABILITY = YES_AGGRESSIVE;
				CLANG_WARN_UNREACHABLE_CODE = YES;
				CLANG_WARN__DUPLICATE_METHOD_MATCH = YES;
				COPY_PHASE_STRIP = NO;
				DEBUG_INFORMATION_FORMAT = "dwarf-with-dsym";
				DEVELOPMENT_TEAM = 3U4384584Z;
				ENABLE_NS_ASSERTIONS = NO;
				ENABLE_STRICT_OBJC_MSGSEND = YES;
				ENABLE_USER_SCRIPT_SANDBOXING = YES;
				GCC_C_LANGUAGE_STANDARD = gnu11;
				GCC_NO_COMMON_BLOCKS = YES;
				GCC_WARN_64_TO_32_BIT_CONVERSION = YES;
				GCC_WARN_ABOUT_RETURN_TYPE = YES_ERROR;
				GCC_WARN_UNDECLARED_SELECTOR = YES;
				GCC_WARN_UNINITIALIZED_AUTOS = YES_AGGRESSIVE;
				GCC_WARN_UNUSED_FUNCTION = YES;
				GCC_WARN_UNUSED_VARIABLE = YES;
				IPHONEOS_DEPLOYMENT_TARGET = 17.0;
				MTL_ENABLE_DEBUG_INFO = NO;
				MTL_FAST_MATH = YES;
				SDKROOT = iphoneos;
				STRING_CATALOG_GENERATE_SYMBOLS = YES;
				SUPPORTED_PLATFORMS = "iphoneos iphonesimulator";
				SWIFT_COMPILATION_MODE = wholemodule;
				SWIFT_OPTIMIZATION_LEVEL = "-O";
				VALIDATE_PRODUCT = YES;
			};
			name = Release;
		};
/* End XCBuildConfiguration section */

/* Begin XCConfigurationList section */
		AAAA00000000000000000501 /* Build configuration list for PBXNativeTarget "HermesGlasses" */ = {
			isa = XCConfigurationList;
			buildConfigurations = (
				AAAA00000000000000000502 /* Debug */,
				AAAA00000000000000000503 /* Release */,
			);
			defaultConfigurationIsVisible = 0;
			defaultConfigurationName = Release;
		};
		AAAA00000000000000000506 /* Build configuration list for PBXProject "HermesGlasses" */ = {
			isa = XCConfigurationList;
			buildConfigurations = (
				AAAA00000000000000000504 /* Debug */,
				AAAA00000000000000000505 /* Release */,
			);
			defaultConfigurationIsVisible = 0;
			defaultConfigurationName = Release;
		};
/* End XCConfigurationList section */

/* Begin XCRemoteSwiftPackageReference section */
		AAAA00000000000000000601 /* XCRemoteSwiftPackageReference "meta-wearables-dat-ios" */ = {
			isa = XCRemoteSwiftPackageReference;
			repositoryURL = "https://github.com/facebook/meta-wearables-dat-ios";
			requirement = {
				kind = exactVersion;
				version = 0.8.0;
			};
		};
/* End XCRemoteSwiftPackageReference section */

/* Begin XCSwiftPackageProductDependency section */
		AAAA00000000000000000701 /* MWDATCore */ = {
			isa = XCSwiftPackageProductDependency;
			package = AAAA00000000000000000601 /* XCRemoteSwiftPackageReference "meta-wearables-dat-ios" */;
			productName = MWDATCore;
		};
		AAAA00000000000000000702 /* MWDATCamera */ = {
			isa = XCSwiftPackageProductDependency;
			package = AAAA00000000000000000601 /* XCRemoteSwiftPackageReference "meta-wearables-dat-ios" */;
			productName = MWDATCamera;
		};
		AAAA00000000000000000703 /* MWDATMockDevice */ = {
			isa = XCSwiftPackageProductDependency;
			package = AAAA00000000000000000601 /* XCRemoteSwiftPackageReference "meta-wearables-dat-ios" */;
			productName = MWDATMockDevice;
		};
		AAAA00000000000000000704 /* MWDATDisplay */ = {
			isa = XCSwiftPackageProductDependency;
			package = AAAA00000000000000000601 /* XCRemoteSwiftPackageReference "meta-wearables-dat-ios" */;
			productName = MWDATDisplay;
		};
/* End XCSwiftPackageProductDependency section */
	};
	rootObject = AAAA00000000000000000F00 /* Project object */;
}
